// !$*UTF8*$!
{
	archiveVersion = 1;
	classes = {
	};
	objectVersion = 56;
	objects = {

/* Begin PBXBuildFile section */
		4109987C29BA70DB00954329 /* Fonts+Generated.swift in Sources */ = {isa = PBXBuildFile; fileRef = C6303E1429BA2CF1002F96E4 /* Fonts+Generated.swift */; };
		4109987D29BA70DE00954329 /* Assets+Generated.swift in Sources */ = {isa = PBXBuildFile; fileRef = C6303DFE29B39CB9002F96E4 /* Assets+Generated.swift */; };
		4109988129BA79F700954329 /* CommonButton.swift in Sources */ = {isa = PBXBuildFile; fileRef = 4109988029BA79F700954329 /* CommonButton.swift */; };
		4109988429BA91A700954329 /* CommonLabel.swift in Sources */ = {isa = PBXBuildFile; fileRef = 4109988329BA91A700954329 /* CommonLabel.swift */; };
		4109988829BA963000954329 /* LabeledCheckBox.swift in Sources */ = {isa = PBXBuildFile; fileRef = 4109988729BA963000954329 /* LabeledCheckBox.swift */; };
		4109988A29BAA2C800954329 /* BlanRoundedTextField+Constants.swift in Sources */ = {isa = PBXBuildFile; fileRef = 4109988929BAA2C800954329 /* BlanRoundedTextField+Constants.swift */; };
		4109988C29BAA45C00954329 /* LabeledCheckBoxState.swift in Sources */ = {isa = PBXBuildFile; fileRef = 4109988B29BAA45C00954329 /* LabeledCheckBoxState.swift */; };
		4109988F29BAB13200954329 /* UnderlinedDashButton.swift in Sources */ = {isa = PBXBuildFile; fileRef = 4109988E29BAB13200954329 /* UnderlinedDashButton.swift */; };
		4146422329B6003E00E4F0BF /* BlanRoundedTextField.swift in Sources */ = {isa = PBXBuildFile; fileRef = 4146422229B6003E00E4F0BF /* BlanRoundedTextField.swift */; };
		4146422529B6118800E4F0BF /* EdgeInsetsTextField.swift in Sources */ = {isa = PBXBuildFile; fileRef = 4146422429B6118800E4F0BF /* EdgeInsetsTextField.swift */; };
		4146422829B6127C00E4F0BF /* UIView+CornerRadius.swift in Sources */ = {isa = PBXBuildFile; fileRef = 4146422729B6127C00E4F0BF /* UIView+CornerRadius.swift */; };
		4146422B29B652F400E4F0BF /* BlanRoundedTextFieldState.swift in Sources */ = {isa = PBXBuildFile; fileRef = 4146422A29B652F400E4F0BF /* BlanRoundedTextFieldState.swift */; };
		41AE26A629B67B9D0072575B /* AppConstants+Regex.swift in Sources */ = {isa = PBXBuildFile; fileRef = 41AE26A529B67B9D0072575B /* AppConstants+Regex.swift */; };
		41AE26AA29B887890072575B /* LoadingViewController.swift in Sources */ = {isa = PBXBuildFile; fileRef = 41AE26A829B887880072575B /* LoadingViewController.swift */; };
		41AE26AB29B887890072575B /* LoadingViewController.xib in Resources */ = {isa = PBXBuildFile; fileRef = 41AE26A929B887890072575B /* LoadingViewController.xib */; };
		41CAA4E829B4F86C00492DEB /* LoginViewController.xib in Resources */ = {isa = PBXBuildFile; fileRef = 41CAA4E629B4F86C00492DEB /* LoginViewController.xib */; };
		41CAA4E929B4F86C00492DEB /* LoginViewController.swift in Sources */ = {isa = PBXBuildFile; fileRef = 41CAA4E729B4F86C00492DEB /* LoginViewController.swift */; };
		41CAA4F629B4FD3A00492DEB /* LoginViewModelState.swift in Sources */ = {isa = PBXBuildFile; fileRef = 41CAA4F529B4FD3A00492DEB /* LoginViewModelState.swift */; };
		41CAA4F829B4FDBB00492DEB /* ViewModelState.swift in Sources */ = {isa = PBXBuildFile; fileRef = 41CAA4F729B4FDBB00492DEB /* ViewModelState.swift */; };
		41CAA4FA29B4FE5900492DEB /* LoginViewModel.swift in Sources */ = {isa = PBXBuildFile; fileRef = 41CAA4F929B4FE5900492DEB /* LoginViewModel.swift */; };
		C6254A1329B376E000558130 /* swiftgen.yml in Resources */ = {isa = PBXBuildFile; fileRef = C6254A1229B376DF00558130 /* swiftgen.yml */; };
		C6303E0629B502CA002F96E4 /* LoginAPI.swift in Sources */ = {isa = PBXBuildFile; fileRef = C6303E0529B502CA002F96E4 /* LoginAPI.swift */; };
		C6303E0829B502E7002F96E4 /* LoginAPIClient.swift in Sources */ = {isa = PBXBuildFile; fileRef = C6303E0729B502E7002F96E4 /* LoginAPIClient.swift */; };
		C6303E0B29B5042F002F96E4 /* LoginRequestModel.swift in Sources */ = {isa = PBXBuildFile; fileRef = C6303E0A29B5042F002F96E4 /* LoginRequestModel.swift */; };
		C6303E0D29B50519002F96E4 /* Encodable+Extension.swift in Sources */ = {isa = PBXBuildFile; fileRef = C6303E0C29B50519002F96E4 /* Encodable+Extension.swift */; };
		C6303E1029B76681002F96E4 /* AppCoordinator.swift in Sources */ = {isa = PBXBuildFile; fileRef = C6303E0F29B76681002F96E4 /* AppCoordinator.swift */; };
		C6303E1329B9F0BF002F96E4 /* LoginCoordinator.swift in Sources */ = {isa = PBXBuildFile; fileRef = C6303E1229B9F0BF002F96E4 /* LoginCoordinator.swift */; };
		C6303E1829BA2FF7002F96E4 /* StorageManager.swift in Sources */ = {isa = PBXBuildFile; fileRef = C6303E1729BA2FF7002F96E4 /* StorageManager.swift */; };
		C6303E1B29BA39B4002F96E4 /* RNCryptor in Frameworks */ = {isa = PBXBuildFile; productRef = C6303E1A29BA39B4002F96E4 /* RNCryptor */; };
		C6303E2229BA4315002F96E4 /* OptionalDecodable.swift in Sources */ = {isa = PBXBuildFile; fileRef = C6303E2129BA4315002F96E4 /* OptionalDecodable.swift */; };
		C6303E2529BA43CE002F96E4 /* StorageContainer.swift in Sources */ = {isa = PBXBuildFile; fileRef = C6303E2429BA43CE002F96E4 /* StorageContainer.swift */; };
		C6303E2729BA43D9002F96E4 /* StorageKey.swift in Sources */ = {isa = PBXBuildFile; fileRef = C6303E2629BA43D9002F96E4 /* StorageKey.swift */; };
		C6303E2A29BA5318002F96E4 /* AuthorizationInterceptor.swift in Sources */ = {isa = PBXBuildFile; fileRef = C6303E2929BA5318002F96E4 /* AuthorizationInterceptor.swift */; };
		C6303E2E29BA5750002F96E4 /* SnapKit in Frameworks */ = {isa = PBXBuildFile; productRef = C6303E2D29BA5750002F96E4 /* SnapKit */; };
		C6303E9229BA60B6002F96E4 /* Inter-SemiBold.otf in Resources */ = {isa = PBXBuildFile; fileRef = C6303E7F29BA60B5002F96E4 /* Inter-SemiBold.otf */; };
		C6303E9329BA60B6002F96E4 /* Inter-Medium.otf in Resources */ = {isa = PBXBuildFile; fileRef = C6303E8029BA60B5002F96E4 /* Inter-Medium.otf */; };
		C6303E9429BA60B6002F96E4 /* Inter-Thin.otf in Resources */ = {isa = PBXBuildFile; fileRef = C6303E8129BA60B5002F96E4 /* Inter-Thin.otf */; };
		C6303E9529BA60B6002F96E4 /* Inter-Regular.otf in Resources */ = {isa = PBXBuildFile; fileRef = C6303E8229BA60B5002F96E4 /* Inter-Regular.otf */; };
		C6303E9629BA60B6002F96E4 /* Inter-ThinItalic.otf in Resources */ = {isa = PBXBuildFile; fileRef = C6303E8329BA60B5002F96E4 /* Inter-ThinItalic.otf */; };
		C6303E9729BA60B6002F96E4 /* Inter-Bold.otf in Resources */ = {isa = PBXBuildFile; fileRef = C6303E8429BA60B5002F96E4 /* Inter-Bold.otf */; };
		C6303E9829BA60B6002F96E4 /* Inter-Light.otf in Resources */ = {isa = PBXBuildFile; fileRef = C6303E8529BA60B5002F96E4 /* Inter-Light.otf */; };
		C6303E9929BA60B6002F96E4 /* Inter-ExtraBoldItalic.otf in Resources */ = {isa = PBXBuildFile; fileRef = C6303E8629BA60B5002F96E4 /* Inter-ExtraBoldItalic.otf */; };
		C6303E9A29BA60B6002F96E4 /* Inter-ExtraBold.otf in Resources */ = {isa = PBXBuildFile; fileRef = C6303E8729BA60B5002F96E4 /* Inter-ExtraBold.otf */; };
		C6303E9B29BA60B6002F96E4 /* Inter-V.ttf in Resources */ = {isa = PBXBuildFile; fileRef = C6303E8829BA60B5002F96E4 /* Inter-V.ttf */; };
		C6303E9C29BA60B6002F96E4 /* Inter-SemiBoldItalic.otf in Resources */ = {isa = PBXBuildFile; fileRef = C6303E8929BA60B5002F96E4 /* Inter-SemiBoldItalic.otf */; };
		C6303E9D29BA60B6002F96E4 /* Inter-ExtraLightItalic.otf in Resources */ = {isa = PBXBuildFile; fileRef = C6303E8A29BA60B5002F96E4 /* Inter-ExtraLightItalic.otf */; };
		C6303E9E29BA60B6002F96E4 /* Inter-BoldItalic.otf in Resources */ = {isa = PBXBuildFile; fileRef = C6303E8B29BA60B5002F96E4 /* Inter-BoldItalic.otf */; };
		C6303E9F29BA60B6002F96E4 /* Inter-LightItalic.otf in Resources */ = {isa = PBXBuildFile; fileRef = C6303E8C29BA60B5002F96E4 /* Inter-LightItalic.otf */; };
		C6303EA029BA60B6002F96E4 /* Inter-BlackItalic.otf in Resources */ = {isa = PBXBuildFile; fileRef = C6303E8D29BA60B5002F96E4 /* Inter-BlackItalic.otf */; };
		C6303EA129BA60B6002F96E4 /* Inter-Black.otf in Resources */ = {isa = PBXBuildFile; fileRef = C6303E8E29BA60B5002F96E4 /* Inter-Black.otf */; };
		C6303EA229BA60B6002F96E4 /* Inter-Italic.otf in Resources */ = {isa = PBXBuildFile; fileRef = C6303E8F29BA60B5002F96E4 /* Inter-Italic.otf */; };
		C6303EA329BA60B6002F96E4 /* Inter-MediumItalic.otf in Resources */ = {isa = PBXBuildFile; fileRef = C6303E9029BA60B6002F96E4 /* Inter-MediumItalic.otf */; };
		C6303EA429BA60B6002F96E4 /* Inter-ExtraLight.otf in Resources */ = {isa = PBXBuildFile; fileRef = C6303E9129BA60B6002F96E4 /* Inter-ExtraLight.otf */; };
		C6303EB829BA60CF002F96E4 /* Exo2-Thin.ttf in Resources */ = {isa = PBXBuildFile; fileRef = C6303EA629BA60CF002F96E4 /* Exo2-Thin.ttf */; };
		C6303EB929BA60CF002F96E4 /* Exo2-ExtraBold.ttf in Resources */ = {isa = PBXBuildFile; fileRef = C6303EA729BA60CF002F96E4 /* Exo2-ExtraBold.ttf */; };
		C6303EBA29BA60CF002F96E4 /* Exo2-Italic.ttf in Resources */ = {isa = PBXBuildFile; fileRef = C6303EA829BA60CF002F96E4 /* Exo2-Italic.ttf */; };
		C6303EBB29BA60CF002F96E4 /* Exo2-ExtraLight.ttf in Resources */ = {isa = PBXBuildFile; fileRef = C6303EA929BA60CF002F96E4 /* Exo2-ExtraLight.ttf */; };
		C6303EBC29BA60CF002F96E4 /* Exo2-ThinItalic.ttf in Resources */ = {isa = PBXBuildFile; fileRef = C6303EAA29BA60CF002F96E4 /* Exo2-ThinItalic.ttf */; };
		C6303EBD29BA60CF002F96E4 /* Exo2-BoldItalic.ttf in Resources */ = {isa = PBXBuildFile; fileRef = C6303EAB29BA60CF002F96E4 /* Exo2-BoldItalic.ttf */; };
		C6303EBE29BA60CF002F96E4 /* Exo2-Regular.ttf in Resources */ = {isa = PBXBuildFile; fileRef = C6303EAC29BA60CF002F96E4 /* Exo2-Regular.ttf */; };
		C6303EBF29BA60CF002F96E4 /* Exo2-Bold.ttf in Resources */ = {isa = PBXBuildFile; fileRef = C6303EAD29BA60CF002F96E4 /* Exo2-Bold.ttf */; };
		C6303EC029BA60CF002F96E4 /* Exo2-Light.ttf in Resources */ = {isa = PBXBuildFile; fileRef = C6303EAE29BA60CF002F96E4 /* Exo2-Light.ttf */; };
		C6303EC129BA60CF002F96E4 /* Exo2-ExtraBoldItalic.ttf in Resources */ = {isa = PBXBuildFile; fileRef = C6303EAF29BA60CF002F96E4 /* Exo2-ExtraBoldItalic.ttf */; };
		C6303EC229BA60CF002F96E4 /* Exo2-BlackItalic.ttf in Resources */ = {isa = PBXBuildFile; fileRef = C6303EB029BA60CF002F96E4 /* Exo2-BlackItalic.ttf */; };
		C6303EC329BA60CF002F96E4 /* Exo2-Black.ttf in Resources */ = {isa = PBXBuildFile; fileRef = C6303EB129BA60CF002F96E4 /* Exo2-Black.ttf */; };
		C6303EC429BA60CF002F96E4 /* Exo2-ExtraLightItalic.ttf in Resources */ = {isa = PBXBuildFile; fileRef = C6303EB229BA60CF002F96E4 /* Exo2-ExtraLightItalic.ttf */; };
		C6303EC529BA60CF002F96E4 /* Exo2-LightItalic.ttf in Resources */ = {isa = PBXBuildFile; fileRef = C6303EB329BA60CF002F96E4 /* Exo2-LightItalic.ttf */; };
		C6303EC629BA60CF002F96E4 /* Exo2-SemiBold.ttf in Resources */ = {isa = PBXBuildFile; fileRef = C6303EB429BA60CF002F96E4 /* Exo2-SemiBold.ttf */; };
		C6303EC729BA60CF002F96E4 /* Exo2-Medium.ttf in Resources */ = {isa = PBXBuildFile; fileRef = C6303EB529BA60CF002F96E4 /* Exo2-Medium.ttf */; };
		C6303EC829BA60CF002F96E4 /* Exo2-MediumItalic.ttf in Resources */ = {isa = PBXBuildFile; fileRef = C6303EB629BA60CF002F96E4 /* Exo2-MediumItalic.ttf */; };
		C6303EC929BA60CF002F96E4 /* Exo2-SemiBoldItalic.ttf in Resources */ = {isa = PBXBuildFile; fileRef = C6303EB729BA60CF002F96E4 /* Exo2-SemiBoldItalic.ttf */; };
		C66DC04429BA728A00EFB207 /* JWTToken.swift in Sources */ = {isa = PBXBuildFile; fileRef = C66DC04329BA728A00EFB207 /* JWTToken.swift */; };
		C66DC04629BA760200EFB207 /* Date+Extension.swift in Sources */ = {isa = PBXBuildFile; fileRef = C66DC04529BA760200EFB207 /* Date+Extension.swift */; };
		C6B8E82129ACECDC009AAD8F /* Localizable.strings in Resources */ = {isa = PBXBuildFile; fileRef = C6B8E82329ACECDC009AAD8F /* Localizable.strings */; };
		C6C7119429ACDCBB00D58FE8 /* AppDelegate.swift in Sources */ = {isa = PBXBuildFile; fileRef = C6C7119329ACDCBB00D58FE8 /* AppDelegate.swift */; };
		C6C7119D29ACDCBD00D58FE8 /* Assets.xcassets in Resources */ = {isa = PBXBuildFile; fileRef = C6C7119C29ACDCBD00D58FE8 /* Assets.xcassets */; };
		C6C711A029ACDCBD00D58FE8 /* LaunchScreen.storyboard in Resources */ = {isa = PBXBuildFile; fileRef = C6C7119E29ACDCBD00D58FE8 /* LaunchScreen.storyboard */; };
		C6FF393029AF84AE003610F5 /* BaseViewController.swift in Sources */ = {isa = PBXBuildFile; fileRef = C6FF392F29AF84AE003610F5 /* BaseViewController.swift */; };
		C6FF393229AF85A7003610F5 /* BaseViewModel.swift in Sources */ = {isa = PBXBuildFile; fileRef = C6FF393129AF85A7003610F5 /* BaseViewModel.swift */; };
		C6FF393529AF886A003610F5 /* XCoordinator in Frameworks */ = {isa = PBXBuildFile; productRef = C6FF393429AF886A003610F5 /* XCoordinator */; };
		C6FF393729AF886A003610F5 /* XCoordinatorCombine in Frameworks */ = {isa = PBXBuildFile; productRef = C6FF393629AF886A003610F5 /* XCoordinatorCombine */; };
		C6FF393B29AF8C55003610F5 /* CommonService.swift in Sources */ = {isa = PBXBuildFile; fileRef = C6FF393A29AF8C55003610F5 /* CommonService.swift */; };
		C6FF393D29AF992C003610F5 /* Configurable.swift in Sources */ = {isa = PBXBuildFile; fileRef = C6FF393C29AF992C003610F5 /* Configurable.swift */; };
		C6FF394229AF9C86003610F5 /* HTTPMethod.swift in Sources */ = {isa = PBXBuildFile; fileRef = C6FF394129AF9C86003610F5 /* HTTPMethod.swift */; };
		C6FF394429AFB09C003610F5 /* NetworkError.swift in Sources */ = {isa = PBXBuildFile; fileRef = C6FF394329AFB09C003610F5 /* NetworkError.swift */; };
		C6FF394B29B11C35003610F5 /* NetworkService.swift in Sources */ = {isa = PBXBuildFile; fileRef = C6FF394A29B11C35003610F5 /* NetworkService.swift */; };
		C6FF394E29B1F54B003610F5 /* APIClient.swift in Sources */ = {isa = PBXBuildFile; fileRef = C6FF394D29B1F54B003610F5 /* APIClient.swift */; };
		C6FF395329B2009D003610F5 /* CommonService+Default.swift in Sources */ = {isa = PBXBuildFile; fileRef = C6FF395229B2009D003610F5 /* CommonService+Default.swift */; };
		C6FF395629B201B2003610F5 /* AppConstansts .swift in Sources */ = {isa = PBXBuildFile; fileRef = C6FF395529B201B2003610F5 /* AppConstansts .swift */; };
		C6FF395829B20399003610F5 /* EnviromentVars.swift in Sources */ = {isa = PBXBuildFile; fileRef = C6FF395729B20399003610F5 /* EnviromentVars.swift */; };
		C6FF396629B20FA7003610F5 /* InfoStage.plist in Resources */ = {isa = PBXBuildFile; fileRef = C6FF396529B20FA7003610F5 /* InfoStage.plist */; };
		C6FF396D29B2377D003610F5 /* String+Extension.swift in Sources */ = {isa = PBXBuildFile; fileRef = C6FF396C29B2377D003610F5 /* String+Extension.swift */; };
/* End PBXBuildFile section */

/* Begin PBXFileReference section */
		4109987A29BA703200954329 /* Strings+Generated.swift */ = {isa = PBXFileReference; fileEncoding = 4; lastKnownFileType = sourcecode.swift; path = "Strings+Generated.swift"; sourceTree = "<group>"; };
		4109988029BA79F700954329 /* CommonButton.swift */ = {isa = PBXFileReference; lastKnownFileType = sourcecode.swift; path = CommonButton.swift; sourceTree = "<group>"; };
		4109988329BA91A700954329 /* CommonLabel.swift */ = {isa = PBXFileReference; lastKnownFileType = sourcecode.swift; path = CommonLabel.swift; sourceTree = "<group>"; };
		4109988729BA963000954329 /* LabeledCheckBox.swift */ = {isa = PBXFileReference; lastKnownFileType = sourcecode.swift; path = LabeledCheckBox.swift; sourceTree = "<group>"; };
		4109988929BAA2C800954329 /* BlanRoundedTextField+Constants.swift */ = {isa = PBXFileReference; lastKnownFileType = sourcecode.swift; path = "BlanRoundedTextField+Constants.swift"; sourceTree = "<group>"; };
		4109988B29BAA45C00954329 /* LabeledCheckBoxState.swift */ = {isa = PBXFileReference; lastKnownFileType = sourcecode.swift; path = LabeledCheckBoxState.swift; sourceTree = "<group>"; };
		4109988E29BAB13200954329 /* UnderlinedDashButton.swift */ = {isa = PBXFileReference; lastKnownFileType = sourcecode.swift; path = UnderlinedDashButton.swift; sourceTree = "<group>"; };
		4146422229B6003E00E4F0BF /* BlanRoundedTextField.swift */ = {isa = PBXFileReference; lastKnownFileType = sourcecode.swift; path = BlanRoundedTextField.swift; sourceTree = "<group>"; };
		4146422429B6118800E4F0BF /* EdgeInsetsTextField.swift */ = {isa = PBXFileReference; lastKnownFileType = sourcecode.swift; path = EdgeInsetsTextField.swift; sourceTree = "<group>"; };
		4146422729B6127C00E4F0BF /* UIView+CornerRadius.swift */ = {isa = PBXFileReference; lastKnownFileType = sourcecode.swift; path = "UIView+CornerRadius.swift"; sourceTree = "<group>"; };
		4146422A29B652F400E4F0BF /* BlanRoundedTextFieldState.swift */ = {isa = PBXFileReference; lastKnownFileType = sourcecode.swift; path = BlanRoundedTextFieldState.swift; sourceTree = "<group>"; };
		41AE26A529B67B9D0072575B /* AppConstants+Regex.swift */ = {isa = PBXFileReference; lastKnownFileType = sourcecode.swift; path = "AppConstants+Regex.swift"; sourceTree = "<group>"; };
		41AE26A829B887880072575B /* LoadingViewController.swift */ = {isa = PBXFileReference; lastKnownFileType = sourcecode.swift; path = LoadingViewController.swift; sourceTree = "<group>"; };
		41AE26A929B887890072575B /* LoadingViewController.xib */ = {isa = PBXFileReference; lastKnownFileType = file.xib; path = LoadingViewController.xib; sourceTree = "<group>"; };
		41CAA4E629B4F86C00492DEB /* LoginViewController.xib */ = {isa = PBXFileReference; fileEncoding = 4; lastKnownFileType = file.xib; path = LoginViewController.xib; sourceTree = "<group>"; };
		41CAA4E729B4F86C00492DEB /* LoginViewController.swift */ = {isa = PBXFileReference; fileEncoding = 4; lastKnownFileType = sourcecode.swift; path = LoginViewController.swift; sourceTree = "<group>"; };
		41CAA4EB29B4FC0400492DEB /* Assets+Generated.swift */ = {isa = PBXFileReference; fileEncoding = 4; lastKnownFileType = sourcecode.swift; path = "Assets+Generated.swift"; sourceTree = "<group>"; };
		41CAA4EC29B4FC0400492DEB /* Strings+Generated.swift */ = {isa = PBXFileReference; fileEncoding = 4; lastKnownFileType = sourcecode.swift; path = "Strings+Generated.swift"; sourceTree = "<group>"; };
		41CAA4F529B4FD3A00492DEB /* LoginViewModelState.swift */ = {isa = PBXFileReference; lastKnownFileType = sourcecode.swift; path = LoginViewModelState.swift; sourceTree = "<group>"; };
		41CAA4F729B4FDBB00492DEB /* ViewModelState.swift */ = {isa = PBXFileReference; lastKnownFileType = sourcecode.swift; path = ViewModelState.swift; sourceTree = "<group>"; };
		41CAA4F929B4FE5900492DEB /* LoginViewModel.swift */ = {isa = PBXFileReference; lastKnownFileType = sourcecode.swift; path = LoginViewModel.swift; sourceTree = "<group>"; };
		C6254A1229B376DF00558130 /* swiftgen.yml */ = {isa = PBXFileReference; fileEncoding = 4; lastKnownFileType = text.yaml; path = swiftgen.yml; sourceTree = "<group>"; };
		C6303DFE29B39CB9002F96E4 /* Assets+Generated.swift */ = {isa = PBXFileReference; fileEncoding = 4; lastKnownFileType = sourcecode.swift; path = "Assets+Generated.swift"; sourceTree = "<group>"; };
		C6303DFF29B39CB9002F96E4 /* Strings+Generated.swift */ = {isa = PBXFileReference; fileEncoding = 4; lastKnownFileType = sourcecode.swift; path = "Strings+Generated.swift"; sourceTree = "<group>"; };
		C6303E0529B502CA002F96E4 /* LoginAPI.swift */ = {isa = PBXFileReference; lastKnownFileType = sourcecode.swift; path = LoginAPI.swift; sourceTree = "<group>"; };
		C6303E0729B502E7002F96E4 /* LoginAPIClient.swift */ = {isa = PBXFileReference; lastKnownFileType = sourcecode.swift; path = LoginAPIClient.swift; sourceTree = "<group>"; };
		C6303E0A29B5042F002F96E4 /* LoginRequestModel.swift */ = {isa = PBXFileReference; lastKnownFileType = sourcecode.swift; path = LoginRequestModel.swift; sourceTree = "<group>"; };
		C6303E0C29B50519002F96E4 /* Encodable+Extension.swift */ = {isa = PBXFileReference; lastKnownFileType = sourcecode.swift; path = "Encodable+Extension.swift"; sourceTree = "<group>"; };
		C6303E0F29B76681002F96E4 /* AppCoordinator.swift */ = {isa = PBXFileReference; lastKnownFileType = sourcecode.swift; path = AppCoordinator.swift; sourceTree = "<group>"; };
		C6303E1229B9F0BF002F96E4 /* LoginCoordinator.swift */ = {isa = PBXFileReference; lastKnownFileType = sourcecode.swift; path = LoginCoordinator.swift; sourceTree = "<group>"; };
		C6303E1429BA2CF1002F96E4 /* Fonts+Generated.swift */ = {isa = PBXFileReference; fileEncoding = 4; lastKnownFileType = sourcecode.swift; path = "Fonts+Generated.swift"; sourceTree = "<group>"; };
		C6303E1729BA2FF7002F96E4 /* StorageManager.swift */ = {isa = PBXFileReference; lastKnownFileType = sourcecode.swift; path = StorageManager.swift; sourceTree = "<group>"; };
		C6303E2129BA4315002F96E4 /* OptionalDecodable.swift */ = {isa = PBXFileReference; lastKnownFileType = sourcecode.swift; path = OptionalDecodable.swift; sourceTree = "<group>"; };
		C6303E2429BA43CE002F96E4 /* StorageContainer.swift */ = {isa = PBXFileReference; lastKnownFileType = sourcecode.swift; path = StorageContainer.swift; sourceTree = "<group>"; };
		C6303E2629BA43D9002F96E4 /* StorageKey.swift */ = {isa = PBXFileReference; lastKnownFileType = sourcecode.swift; path = StorageKey.swift; sourceTree = "<group>"; };
		C6303E2929BA5318002F96E4 /* AuthorizationInterceptor.swift */ = {isa = PBXFileReference; lastKnownFileType = sourcecode.swift; path = AuthorizationInterceptor.swift; sourceTree = "<group>"; };
		C6303E7F29BA60B5002F96E4 /* Inter-SemiBold.otf */ = {isa = PBXFileReference; lastKnownFileType = file; path = "Inter-SemiBold.otf"; sourceTree = "<group>"; };
		C6303E8029BA60B5002F96E4 /* Inter-Medium.otf */ = {isa = PBXFileReference; lastKnownFileType = file; path = "Inter-Medium.otf"; sourceTree = "<group>"; };
		C6303E8129BA60B5002F96E4 /* Inter-Thin.otf */ = {isa = PBXFileReference; lastKnownFileType = file; path = "Inter-Thin.otf"; sourceTree = "<group>"; };
		C6303E8229BA60B5002F96E4 /* Inter-Regular.otf */ = {isa = PBXFileReference; lastKnownFileType = file; path = "Inter-Regular.otf"; sourceTree = "<group>"; };
		C6303E8329BA60B5002F96E4 /* Inter-ThinItalic.otf */ = {isa = PBXFileReference; lastKnownFileType = file; path = "Inter-ThinItalic.otf"; sourceTree = "<group>"; };
		C6303E8429BA60B5002F96E4 /* Inter-Bold.otf */ = {isa = PBXFileReference; lastKnownFileType = file; path = "Inter-Bold.otf"; sourceTree = "<group>"; };
		C6303E8529BA60B5002F96E4 /* Inter-Light.otf */ = {isa = PBXFileReference; lastKnownFileType = file; path = "Inter-Light.otf"; sourceTree = "<group>"; };
		C6303E8629BA60B5002F96E4 /* Inter-ExtraBoldItalic.otf */ = {isa = PBXFileReference; lastKnownFileType = file; path = "Inter-ExtraBoldItalic.otf"; sourceTree = "<group>"; };
		C6303E8729BA60B5002F96E4 /* Inter-ExtraBold.otf */ = {isa = PBXFileReference; lastKnownFileType = file; path = "Inter-ExtraBold.otf"; sourceTree = "<group>"; };
		C6303E8829BA60B5002F96E4 /* Inter-V.ttf */ = {isa = PBXFileReference; lastKnownFileType = file; path = "Inter-V.ttf"; sourceTree = "<group>"; };
		C6303E8929BA60B5002F96E4 /* Inter-SemiBoldItalic.otf */ = {isa = PBXFileReference; lastKnownFileType = file; path = "Inter-SemiBoldItalic.otf"; sourceTree = "<group>"; };
		C6303E8A29BA60B5002F96E4 /* Inter-ExtraLightItalic.otf */ = {isa = PBXFileReference; lastKnownFileType = file; path = "Inter-ExtraLightItalic.otf"; sourceTree = "<group>"; };
		C6303E8B29BA60B5002F96E4 /* Inter-BoldItalic.otf */ = {isa = PBXFileReference; lastKnownFileType = file; path = "Inter-BoldItalic.otf"; sourceTree = "<group>"; };
		C6303E8C29BA60B5002F96E4 /* Inter-LightItalic.otf */ = {isa = PBXFileReference; lastKnownFileType = file; path = "Inter-LightItalic.otf"; sourceTree = "<group>"; };
		C6303E8D29BA60B5002F96E4 /* Inter-BlackItalic.otf */ = {isa = PBXFileReference; lastKnownFileType = file; path = "Inter-BlackItalic.otf"; sourceTree = "<group>"; };
		C6303E8E29BA60B5002F96E4 /* Inter-Black.otf */ = {isa = PBXFileReference; lastKnownFileType = file; path = "Inter-Black.otf"; sourceTree = "<group>"; };
		C6303E8F29BA60B5002F96E4 /* Inter-Italic.otf */ = {isa = PBXFileReference; lastKnownFileType = file; path = "Inter-Italic.otf"; sourceTree = "<group>"; };
		C6303E9029BA60B6002F96E4 /* Inter-MediumItalic.otf */ = {isa = PBXFileReference; lastKnownFileType = file; path = "Inter-MediumItalic.otf"; sourceTree = "<group>"; };
		C6303E9129BA60B6002F96E4 /* Inter-ExtraLight.otf */ = {isa = PBXFileReference; lastKnownFileType = file; path = "Inter-ExtraLight.otf"; sourceTree = "<group>"; };
		C6303EA629BA60CF002F96E4 /* Exo2-Thin.ttf */ = {isa = PBXFileReference; lastKnownFileType = file; path = "Exo2-Thin.ttf"; sourceTree = "<group>"; };
		C6303EA729BA60CF002F96E4 /* Exo2-ExtraBold.ttf */ = {isa = PBXFileReference; lastKnownFileType = file; path = "Exo2-ExtraBold.ttf"; sourceTree = "<group>"; };
		C6303EA829BA60CF002F96E4 /* Exo2-Italic.ttf */ = {isa = PBXFileReference; lastKnownFileType = file; path = "Exo2-Italic.ttf"; sourceTree = "<group>"; };
		C6303EA929BA60CF002F96E4 /* Exo2-ExtraLight.ttf */ = {isa = PBXFileReference; lastKnownFileType = file; path = "Exo2-ExtraLight.ttf"; sourceTree = "<group>"; };
		C6303EAA29BA60CF002F96E4 /* Exo2-ThinItalic.ttf */ = {isa = PBXFileReference; lastKnownFileType = file; path = "Exo2-ThinItalic.ttf"; sourceTree = "<group>"; };
		C6303EAB29BA60CF002F96E4 /* Exo2-BoldItalic.ttf */ = {isa = PBXFileReference; lastKnownFileType = file; path = "Exo2-BoldItalic.ttf"; sourceTree = "<group>"; };
		C6303EAC29BA60CF002F96E4 /* Exo2-Regular.ttf */ = {isa = PBXFileReference; lastKnownFileType = file; path = "Exo2-Regular.ttf"; sourceTree = "<group>"; };
		C6303EAD29BA60CF002F96E4 /* Exo2-Bold.ttf */ = {isa = PBXFileReference; lastKnownFileType = file; path = "Exo2-Bold.ttf"; sourceTree = "<group>"; };
		C6303EAE29BA60CF002F96E4 /* Exo2-Light.ttf */ = {isa = PBXFileReference; lastKnownFileType = file; path = "Exo2-Light.ttf"; sourceTree = "<group>"; };
		C6303EAF29BA60CF002F96E4 /* Exo2-ExtraBoldItalic.ttf */ = {isa = PBXFileReference; lastKnownFileType = file; path = "Exo2-ExtraBoldItalic.ttf"; sourceTree = "<group>"; };
		C6303EB029BA60CF002F96E4 /* Exo2-BlackItalic.ttf */ = {isa = PBXFileReference; lastKnownFileType = file; path = "Exo2-BlackItalic.ttf"; sourceTree = "<group>"; };
		C6303EB129BA60CF002F96E4 /* Exo2-Black.ttf */ = {isa = PBXFileReference; lastKnownFileType = file; path = "Exo2-Black.ttf"; sourceTree = "<group>"; };
		C6303EB229BA60CF002F96E4 /* Exo2-ExtraLightItalic.ttf */ = {isa = PBXFileReference; lastKnownFileType = file; path = "Exo2-ExtraLightItalic.ttf"; sourceTree = "<group>"; };
		C6303EB329BA60CF002F96E4 /* Exo2-LightItalic.ttf */ = {isa = PBXFileReference; lastKnownFileType = file; path = "Exo2-LightItalic.ttf"; sourceTree = "<group>"; };
		C6303EB429BA60CF002F96E4 /* Exo2-SemiBold.ttf */ = {isa = PBXFileReference; lastKnownFileType = file; path = "Exo2-SemiBold.ttf"; sourceTree = "<group>"; };
		C6303EB529BA60CF002F96E4 /* Exo2-Medium.ttf */ = {isa = PBXFileReference; lastKnownFileType = file; path = "Exo2-Medium.ttf"; sourceTree = "<group>"; };
		C6303EB629BA60CF002F96E4 /* Exo2-MediumItalic.ttf */ = {isa = PBXFileReference; lastKnownFileType = file; path = "Exo2-MediumItalic.ttf"; sourceTree = "<group>"; };
		C6303EB729BA60CF002F96E4 /* Exo2-SemiBoldItalic.ttf */ = {isa = PBXFileReference; lastKnownFileType = file; path = "Exo2-SemiBoldItalic.ttf"; sourceTree = "<group>"; };
		C66DC04329BA728A00EFB207 /* JWTToken.swift */ = {isa = PBXFileReference; lastKnownFileType = sourcecode.swift; path = JWTToken.swift; sourceTree = "<group>"; };
		C66DC04529BA760200EFB207 /* Date+Extension.swift */ = {isa = PBXFileReference; lastKnownFileType = sourcecode.swift; path = "Date+Extension.swift"; sourceTree = "<group>"; };
		C6B8E82229ACECDC009AAD8F /* en */ = {isa = PBXFileReference; lastKnownFileType = text.plist.strings; name = en; path = en.lproj/Localizable.strings; sourceTree = "<group>"; };
		C6B8E82429ACED08009AAD8F /* uk */ = {isa = PBXFileReference; lastKnownFileType = text.plist.strings; name = uk; path = uk.lproj/Localizable.strings; sourceTree = "<group>"; };
		C6B8E82529ACED4C009AAD8F /* ru */ = {isa = PBXFileReference; lastKnownFileType = text.plist.strings; name = ru; path = ru.lproj/Localizable.strings; sourceTree = "<group>"; };
		C6C7119029ACDCBB00D58FE8 /* Blanball.app */ = {isa = PBXFileReference; explicitFileType = wrapper.application; includeInIndex = 0; path = Blanball.app; sourceTree = BUILT_PRODUCTS_DIR; };
		C6C7119329ACDCBB00D58FE8 /* AppDelegate.swift */ = {isa = PBXFileReference; lastKnownFileType = sourcecode.swift; path = AppDelegate.swift; sourceTree = "<group>"; };
		C6C7119C29ACDCBD00D58FE8 /* Assets.xcassets */ = {isa = PBXFileReference; lastKnownFileType = folder.assetcatalog; path = Assets.xcassets; sourceTree = "<group>"; };
		C6C7119F29ACDCBD00D58FE8 /* Base */ = {isa = PBXFileReference; lastKnownFileType = file.storyboard; name = Base; path = Base.lproj/LaunchScreen.storyboard; sourceTree = "<group>"; };
		C6FF392F29AF84AE003610F5 /* BaseViewController.swift */ = {isa = PBXFileReference; lastKnownFileType = sourcecode.swift; path = BaseViewController.swift; sourceTree = "<group>"; };
		C6FF393129AF85A7003610F5 /* BaseViewModel.swift */ = {isa = PBXFileReference; lastKnownFileType = sourcecode.swift; path = BaseViewModel.swift; sourceTree = "<group>"; };
		C6FF393A29AF8C55003610F5 /* CommonService.swift */ = {isa = PBXFileReference; lastKnownFileType = sourcecode.swift; path = CommonService.swift; sourceTree = "<group>"; };
		C6FF393C29AF992C003610F5 /* Configurable.swift */ = {isa = PBXFileReference; lastKnownFileType = sourcecode.swift; path = Configurable.swift; sourceTree = "<group>"; };
		C6FF394129AF9C86003610F5 /* HTTPMethod.swift */ = {isa = PBXFileReference; lastKnownFileType = sourcecode.swift; path = HTTPMethod.swift; sourceTree = "<group>"; };
		C6FF394329AFB09C003610F5 /* NetworkError.swift */ = {isa = PBXFileReference; lastKnownFileType = sourcecode.swift; path = NetworkError.swift; sourceTree = "<group>"; };
		C6FF394A29B11C35003610F5 /* NetworkService.swift */ = {isa = PBXFileReference; lastKnownFileType = sourcecode.swift; path = NetworkService.swift; sourceTree = "<group>"; };
		C6FF394D29B1F54B003610F5 /* APIClient.swift */ = {isa = PBXFileReference; lastKnownFileType = sourcecode.swift; path = APIClient.swift; sourceTree = "<group>"; };
		C6FF395229B2009D003610F5 /* CommonService+Default.swift */ = {isa = PBXFileReference; lastKnownFileType = sourcecode.swift; path = "CommonService+Default.swift"; sourceTree = "<group>"; };
		C6FF395529B201B2003610F5 /* AppConstansts .swift */ = {isa = PBXFileReference; lastKnownFileType = sourcecode.swift; path = "AppConstansts .swift"; sourceTree = "<group>"; };
		C6FF395729B20399003610F5 /* EnviromentVars.swift */ = {isa = PBXFileReference; lastKnownFileType = sourcecode.swift; path = EnviromentVars.swift; sourceTree = "<group>"; };
		C6FF395A29B20631003610F5 /* StageBlanball.xcconfig */ = {isa = PBXFileReference; lastKnownFileType = text.xcconfig; path = StageBlanball.xcconfig; sourceTree = "<group>"; };
		C6FF395B29B2068E003610F5 /* ProdBlanball.xcconfig */ = {isa = PBXFileReference; lastKnownFileType = text.xcconfig; path = ProdBlanball.xcconfig; sourceTree = "<group>"; };
		C6FF396429B20F8B003610F5 /* InfoProd.plist */ = {isa = PBXFileReference; lastKnownFileType = text.plist.xml; path = InfoProd.plist; sourceTree = "<group>"; };
		C6FF396529B20FA7003610F5 /* InfoStage.plist */ = {isa = PBXFileReference; lastKnownFileType = text.plist.xml; path = InfoStage.plist; sourceTree = "<group>"; };
		C6FF396C29B2377D003610F5 /* String+Extension.swift */ = {isa = PBXFileReference; lastKnownFileType = sourcecode.swift; path = "String+Extension.swift"; sourceTree = "<group>"; };
/* End PBXFileReference section */

/* Begin PBXFrameworksBuildPhase section */
		C6C7118D29ACDCBB00D58FE8 /* Frameworks */ = {
			isa = PBXFrameworksBuildPhase;
			buildActionMask = 2147483647;
			files = (
				C6FF393729AF886A003610F5 /* XCoordinatorCombine in Frameworks */,
				C6303E2E29BA5750002F96E4 /* SnapKit in Frameworks */,
				C6FF393529AF886A003610F5 /* XCoordinator in Frameworks */,
				C6303E1B29BA39B4002F96E4 /* RNCryptor in Frameworks */,
			);
			runOnlyForDeploymentPostprocessing = 0;
		};
/* End PBXFrameworksBuildPhase section */

/* Begin PBXGroup section */
		4109987F29BA79E300954329 /* CommonButton */ = {
			isa = PBXGroup;
			children = (
				4109988029BA79F700954329 /* CommonButton.swift */,
			);
			path = CommonButton;
			sourceTree = "<group>";
		};
		4109988229BA919A00954329 /* CommonLabel */ = {
			isa = PBXGroup;
			children = (
				4109988329BA91A700954329 /* CommonLabel.swift */,
			);
			path = CommonLabel;
			sourceTree = "<group>";
		};
		4109988629BA961400954329 /* LabeledCheckBox */ = {
			isa = PBXGroup;
			children = (
				4109988729BA963000954329 /* LabeledCheckBox.swift */,
				4109988B29BAA45C00954329 /* LabeledCheckBoxState.swift */,
			);
			path = LabeledCheckBox;
			sourceTree = "<group>";
		};
		4109988D29BAB11700954329 /* UnderlinedDashButton */ = {
			isa = PBXGroup;
			children = (
				4109988E29BAB13200954329 /* UnderlinedDashButton.swift */,
			);
			path = UnderlinedDashButton;
			sourceTree = "<group>";
		};
		4146422129B6000300E4F0BF /* Views */ = {
			isa = PBXGroup;
			children = (
				4109988D29BAB11700954329 /* UnderlinedDashButton */,
				4109988629BA961400954329 /* LabeledCheckBox */,
				4109988229BA919A00954329 /* CommonLabel */,
				4109987F29BA79E300954329 /* CommonButton */,
				4146422929B652DF00E4F0BF /* BlanRoundedTextField */,
				4146422429B6118800E4F0BF /* EdgeInsetsTextField.swift */,
			);
			path = Views;
			sourceTree = "<group>";
		};
		4146422629B6126900E4F0BF /* Views */ = {
			isa = PBXGroup;
			children = (
				4146422729B6127C00E4F0BF /* UIView+CornerRadius.swift */,
			);
			path = Views;
			sourceTree = "<group>";
		};
		4146422929B652DF00E4F0BF /* BlanRoundedTextField */ = {
			isa = PBXGroup;
			children = (
				4146422229B6003E00E4F0BF /* BlanRoundedTextField.swift */,
				4146422A29B652F400E4F0BF /* BlanRoundedTextFieldState.swift */,
				4109988929BAA2C800954329 /* BlanRoundedTextField+Constants.swift */,
			);
			path = BlanRoundedTextField;
			sourceTree = "<group>";
		};
		41AE26A729B8838D0072575B /* Loading */ = {
			isa = PBXGroup;
			children = (
				41AE26A829B887880072575B /* LoadingViewController.swift */,
				41AE26A929B887890072575B /* LoadingViewController.xib */,
			);
			path = Loading;
			sourceTree = "<group>";
		};
		41CAA4E429B4F86C00492DEB /* Modules */ = {
			isa = PBXGroup;
			children = (
				41AE26A729B8838D0072575B /* Loading */,
				41CAA4E529B4F86C00492DEB /* Login */,
			);
			path = Modules;
			sourceTree = "<group>";
		};
		41CAA4E529B4F86C00492DEB /* Login */ = {
			isa = PBXGroup;
			children = (
				C6303E1129B9F0A6002F96E4 /* Navigation */,
				C6303E0429B502BF002F96E4 /* API */,
				C6303E0929B50405002F96E4 /* Models */,
				41CAA4F029B4FCB100492DEB /* ViewModel */,
				41CAA4EF29B4FCA100492DEB /* ViewController */,
			);
			path = Login;
			sourceTree = "<group>";
		};
		41CAA4EA29B4F93900492DEB /* Generated */ = {
			isa = PBXGroup;
			children = (
				C6303DFF29B39CB9002F96E4 /* Strings+Generated.swift */,
				C6303DFE29B39CB9002F96E4 /* Assets+Generated.swift */,
				C6303E1429BA2CF1002F96E4 /* Fonts+Generated.swift */,
			);
			path = Generated;
			sourceTree = "<group>";
		};
		41CAA4EF29B4FCA100492DEB /* ViewController */ = {
			isa = PBXGroup;
			children = (
				41CAA4E629B4F86C00492DEB /* LoginViewController.xib */,
				41CAA4E729B4F86C00492DEB /* LoginViewController.swift */,
			);
			path = ViewController;
			sourceTree = "<group>";
		};
		41CAA4F029B4FCB100492DEB /* ViewModel */ = {
			isa = PBXGroup;
			children = (
				41CAA4F529B4FD3A00492DEB /* LoginViewModelState.swift */,
				41CAA4F929B4FE5900492DEB /* LoginViewModel.swift */,
			);
			path = ViewModel;
			sourceTree = "<group>";
		};
		C6303E0429B502BF002F96E4 /* API */ = {
			isa = PBXGroup;
			children = (
				C6303E0529B502CA002F96E4 /* LoginAPI.swift */,
				C6303E0729B502E7002F96E4 /* LoginAPIClient.swift */,
			);
			path = API;
			sourceTree = "<group>";
		};
		C6303E0929B50405002F96E4 /* Models */ = {
			isa = PBXGroup;
			children = (
				C6303E0A29B5042F002F96E4 /* LoginRequestModel.swift */,
			);
			path = Models;
			sourceTree = "<group>";
		};
		C6303E0E29B7666C002F96E4 /* Navigation */ = {
			isa = PBXGroup;
			children = (
				C6303E0F29B76681002F96E4 /* AppCoordinator.swift */,
			);
			path = Navigation;
			sourceTree = "<group>";
		};
		C6303E1129B9F0A6002F96E4 /* Navigation */ = {
			isa = PBXGroup;
			children = (
				C6303E1229B9F0BF002F96E4 /* LoginCoordinator.swift */,
			);
			path = Navigation;
			sourceTree = "<group>";
		};
		C6303E1629BA2FDE002F96E4 /* Storage */ = {
			isa = PBXGroup;
			children = (
				C6303E1729BA2FF7002F96E4 /* StorageManager.swift */,
			);
			path = Storage;
			sourceTree = "<group>";
		};
		C6303E2329BA434B002F96E4 /* Storage */ = {
			isa = PBXGroup;
			children = (
				C6303E2129BA4315002F96E4 /* OptionalDecodable.swift */,
				C6303E2429BA43CE002F96E4 /* StorageContainer.swift */,
				C6303E2629BA43D9002F96E4 /* StorageKey.swift */,
			);
			path = Storage;
			sourceTree = "<group>";
		};
		C6303E2B29BA55E5002F96E4 /* API */ = {
			isa = PBXGroup;
			children = (
				C6FF393A29AF8C55003610F5 /* CommonService.swift */,
				C6FF394D29B1F54B003610F5 /* APIClient.swift */,
			);
			path = API;
			sourceTree = "<group>";
		};
		C6303E5629BA5E40002F96E4 /* Fonts */ = {
			isa = PBXGroup;
			children = (
				C6303EA529BA60CF002F96E4 /* Exo_2 */,
				C6303E5829BA5E40002F96E4 /* Inter */,
			);
			path = Fonts;
			sourceTree = "<group>";
		};
		C6303E5829BA5E40002F96E4 /* Inter */ = {
			isa = PBXGroup;
			children = (
				C6303E8E29BA60B5002F96E4 /* Inter-Black.otf */,
				C6303E8D29BA60B5002F96E4 /* Inter-BlackItalic.otf */,
				C6303E8429BA60B5002F96E4 /* Inter-Bold.otf */,
				C6303E8B29BA60B5002F96E4 /* Inter-BoldItalic.otf */,
				C6303E8729BA60B5002F96E4 /* Inter-ExtraBold.otf */,
				C6303E8629BA60B5002F96E4 /* Inter-ExtraBoldItalic.otf */,
				C6303E9129BA60B6002F96E4 /* Inter-ExtraLight.otf */,
				C6303E8A29BA60B5002F96E4 /* Inter-ExtraLightItalic.otf */,
				C6303E8F29BA60B5002F96E4 /* Inter-Italic.otf */,
				C6303E8529BA60B5002F96E4 /* Inter-Light.otf */,
				C6303E8C29BA60B5002F96E4 /* Inter-LightItalic.otf */,
				C6303E8029BA60B5002F96E4 /* Inter-Medium.otf */,
				C6303E9029BA60B6002F96E4 /* Inter-MediumItalic.otf */,
				C6303E8229BA60B5002F96E4 /* Inter-Regular.otf */,
				C6303E7F29BA60B5002F96E4 /* Inter-SemiBold.otf */,
				C6303E8929BA60B5002F96E4 /* Inter-SemiBoldItalic.otf */,
				C6303E8129BA60B5002F96E4 /* Inter-Thin.otf */,
				C6303E8329BA60B5002F96E4 /* Inter-ThinItalic.otf */,
				C6303E8829BA60B5002F96E4 /* Inter-V.ttf */,
			);
			path = Inter;
			sourceTree = "<group>";
		};
		C6303EA529BA60CF002F96E4 /* Exo_2 */ = {
			isa = PBXGroup;
			children = (
				C6303EA629BA60CF002F96E4 /* Exo2-Thin.ttf */,
				C6303EA729BA60CF002F96E4 /* Exo2-ExtraBold.ttf */,
				C6303EA829BA60CF002F96E4 /* Exo2-Italic.ttf */,
				C6303EA929BA60CF002F96E4 /* Exo2-ExtraLight.ttf */,
				C6303EAA29BA60CF002F96E4 /* Exo2-ThinItalic.ttf */,
				C6303EAB29BA60CF002F96E4 /* Exo2-BoldItalic.ttf */,
				C6303EAC29BA60CF002F96E4 /* Exo2-Regular.ttf */,
				C6303EAD29BA60CF002F96E4 /* Exo2-Bold.ttf */,
				C6303EAE29BA60CF002F96E4 /* Exo2-Light.ttf */,
				C6303EAF29BA60CF002F96E4 /* Exo2-ExtraBoldItalic.ttf */,
				C6303EB029BA60CF002F96E4 /* Exo2-BlackItalic.ttf */,
				C6303EB129BA60CF002F96E4 /* Exo2-Black.ttf */,
				C6303EB229BA60CF002F96E4 /* Exo2-ExtraLightItalic.ttf */,
				C6303EB329BA60CF002F96E4 /* Exo2-LightItalic.ttf */,
				C6303EB429BA60CF002F96E4 /* Exo2-SemiBold.ttf */,
				C6303EB529BA60CF002F96E4 /* Exo2-Medium.ttf */,
				C6303EB629BA60CF002F96E4 /* Exo2-MediumItalic.ttf */,
				C6303EB729BA60CF002F96E4 /* Exo2-SemiBoldItalic.ttf */,
			);
			path = Exo_2;
			sourceTree = "<group>";
		};
		C66DC04729BA78E500EFB207 /* Recovered References */ = {
			isa = PBXGroup;
			children = (
				41CAA4EC29B4FC0400492DEB /* Strings+Generated.swift */,
				41CAA4EB29B4FC0400492DEB /* Assets+Generated.swift */,
				4109987A29BA703200954329 /* Strings+Generated.swift */,
			);
			name = "Recovered References";
			sourceTree = "<group>";
		};
		C6B8E81E29ACEC9E009AAD8F /* Resources */ = {
			isa = PBXGroup;
			children = (
				C6303E5629BA5E40002F96E4 /* Fonts */,
				41CAA4EA29B4F93900492DEB /* Generated */,
				C6C7119C29ACDCBD00D58FE8 /* Assets.xcassets */,
				C6B8E82329ACECDC009AAD8F /* Localizable.strings */,
			);
			path = Resources;
			sourceTree = "<group>";
		};
		C6C7118729ACDCBB00D58FE8 = {
			isa = PBXGroup;
			children = (
				C6254A1229B376DF00558130 /* swiftgen.yml */,
				C6C7119229ACDCBB00D58FE8 /* Blanball */,
				C6C7119129ACDCBB00D58FE8 /* Products */,
				C66DC04729BA78E500EFB207 /* Recovered References */,
			);
			sourceTree = "<group>";
		};
		C6C7119129ACDCBB00D58FE8 /* Products */ = {
			isa = PBXGroup;
			children = (
				C6C7119029ACDCBB00D58FE8 /* Blanball.app */,
			);
			name = Products;
			sourceTree = "<group>";
		};
		C6C7119229ACDCBB00D58FE8 /* Blanball */ = {
			isa = PBXGroup;
			children = (
				4146422129B6000300E4F0BF /* Views */,
				41CAA4E429B4F86C00492DEB /* Modules */,
				C6FF395929B2042B003610F5 /* Configs */,
				C6FF394C29B1E6BC003610F5 /* Common */,
				C6C7119329ACDCBB00D58FE8 /* AppDelegate.swift */,
				C6B8E81E29ACEC9E009AAD8F /* Resources */,
				C6C7119E29ACDCBD00D58FE8 /* LaunchScreen.storyboard */,
				C6FF396429B20F8B003610F5 /* InfoProd.plist */,
				C6FF396529B20FA7003610F5 /* InfoStage.plist */,
			);
			path = Blanball;
			sourceTree = "<group>";
		};
		C6FF392C29AF83F4003610F5 /* Core Layers */ = {
			isa = PBXGroup;
			children = (
				C6303E2B29BA55E5002F96E4 /* API */,
				C6303E0E29B7666C002F96E4 /* Navigation */,
				C6FF392D29AF846B003610F5 /* Module */,
				C6FF392E29AF8473003610F5 /* Network */,
				C6303E1629BA2FDE002F96E4 /* Storage */,
			);
			path = "Core Layers";
			sourceTree = "<group>";
		};
		C6FF392D29AF846B003610F5 /* Module */ = {
			isa = PBXGroup;
			children = (
				C6FF392F29AF84AE003610F5 /* BaseViewController.swift */,
				C6FF393129AF85A7003610F5 /* BaseViewModel.swift */,
			);
			path = Module;
			sourceTree = "<group>";
		};
		C6FF392E29AF8473003610F5 /* Network */ = {
			isa = PBXGroup;
			children = (
				C6FF394A29B11C35003610F5 /* NetworkService.swift */,
				C6303E2929BA5318002F96E4 /* AuthorizationInterceptor.swift */,
			);
			path = Network;
			sourceTree = "<group>";
		};
		C6FF393829AF89C1003610F5 /* Base */ = {
			isa = PBXGroup;
			children = (
				C6FF393F29AF9C64003610F5 /* Entities */,
				C6FF393929AF8C45003610F5 /* Interfaces */,
			);
			path = Base;
			sourceTree = "<group>";
		};
		C6FF393929AF8C45003610F5 /* Interfaces */ = {
			isa = PBXGroup;
			children = (
				C6FF393C29AF992C003610F5 /* Configurable.swift */,
				41CAA4F729B4FDBB00492DEB /* ViewModelState.swift */,
			);
			path = Interfaces;
			sourceTree = "<group>";
		};
		C6FF393F29AF9C64003610F5 /* Entities */ = {
			isa = PBXGroup;
			children = (
				C6FF395429B2019D003610F5 /* App */,
				C6FF394029AF9C71003610F5 /* Network */,
				C6303E2329BA434B002F96E4 /* Storage */,
			);
			path = Entities;
			sourceTree = "<group>";
		};
		C6FF394029AF9C71003610F5 /* Network */ = {
			isa = PBXGroup;
			children = (
				C66DC04329BA728A00EFB207 /* JWTToken.swift */,
				C6FF394329AFB09C003610F5 /* NetworkError.swift */,
				C6FF394129AF9C86003610F5 /* HTTPMethod.swift */,
			);
			path = Network;
			sourceTree = "<group>";
		};
		C6FF394C29B1E6BC003610F5 /* Common */ = {
			isa = PBXGroup;
			children = (
				C6FF392C29AF83F4003610F5 /* Core Layers */,
				C6FF393829AF89C1003610F5 /* Base */,
				C6FF394F29B1F96F003610F5 /* Extensions */,
			);
			path = Common;
			sourceTree = "<group>";
		};
		C6FF394F29B1F96F003610F5 /* Extensions */ = {
			isa = PBXGroup;
			children = (
				4146422629B6126900E4F0BF /* Views */,
				C6FF396B29B2376F003610F5 /* DataTypes */,
				C6FF395129B20080003610F5 /* AppDefaults */,
			);
			path = Extensions;
			sourceTree = "<group>";
		};
		C6FF395129B20080003610F5 /* AppDefaults */ = {
			isa = PBXGroup;
			children = (
				C6FF395229B2009D003610F5 /* CommonService+Default.swift */,
				41AE26A529B67B9D0072575B /* AppConstants+Regex.swift */,
			);
			path = AppDefaults;
			sourceTree = "<group>";
		};
		C6FF395429B2019D003610F5 /* App */ = {
			isa = PBXGroup;
			children = (
				C6FF395529B201B2003610F5 /* AppConstansts .swift */,
				C6FF395729B20399003610F5 /* EnviromentVars.swift */,
			);
			path = App;
			sourceTree = "<group>";
		};
		C6FF395929B2042B003610F5 /* Configs */ = {
			isa = PBXGroup;
			children = (
				C6FF395A29B20631003610F5 /* StageBlanball.xcconfig */,
				C6FF395B29B2068E003610F5 /* ProdBlanball.xcconfig */,
			);
			path = Configs;
			sourceTree = "<group>";
		};
		C6FF396B29B2376F003610F5 /* DataTypes */ = {
			isa = PBXGroup;
			children = (
				C6FF396C29B2377D003610F5 /* String+Extension.swift */,
				C6303E0C29B50519002F96E4 /* Encodable+Extension.swift */,
				C66DC04529BA760200EFB207 /* Date+Extension.swift */,
			);
			path = DataTypes;
			sourceTree = "<group>";
		};
/* End PBXGroup section */

/* Begin PBXNativeTarget section */
		C6C7118F29ACDCBB00D58FE8 /* Blanball */ = {
			isa = PBXNativeTarget;
			buildConfigurationList = C6C711A429ACDCBD00D58FE8 /* Build configuration list for PBXNativeTarget "Blanball" */;
			buildPhases = (
				C6C7118C29ACDCBB00D58FE8 /* Sources */,
				C6C7118D29ACDCBB00D58FE8 /* Frameworks */,
				C6C7118E29ACDCBB00D58FE8 /* Resources */,
				C664C84529B374D600409DBD /* SwiftGen */,
			);
			buildRules = (
			);
			dependencies = (
			);
			name = Blanball;
			packageProductDependencies = (
				C6FF393429AF886A003610F5 /* XCoordinator */,
				C6FF393629AF886A003610F5 /* XCoordinatorCombine */,
				C6303E1A29BA39B4002F96E4 /* RNCryptor */,
				C6303E2D29BA5750002F96E4 /* SnapKit */,
			);
			productName = Blanball;
			productReference = C6C7119029ACDCBB00D58FE8 /* Blanball.app */;
			productType = "com.apple.product-type.application";
		};
/* End PBXNativeTarget section */

/* Begin PBXProject section */
		C6C7118829ACDCBB00D58FE8 /* Project object */ = {
			isa = PBXProject;
			attributes = {
				BuildIndependentTargetsInParallel = 1;
				LastSwiftUpdateCheck = 1420;
				LastUpgradeCheck = 1420;
				TargetAttributes = {
					C6C7118F29ACDCBB00D58FE8 = {
						CreatedOnToolsVersion = 14.2;
					};
				};
			};
			buildConfigurationList = C6C7118B29ACDCBB00D58FE8 /* Build configuration list for PBXProject "Blanball" */;
			compatibilityVersion = "Xcode 14.0";
			developmentRegion = en;
			hasScannedForEncodings = 0;
			knownRegions = (
				en,
				Base,
				uk,
				ru,
			);
			mainGroup = C6C7118729ACDCBB00D58FE8;
			packageReferences = (
				C6FF393329AF886A003610F5 /* XCRemoteSwiftPackageReference "XCoordinator" */,
				C6303E1929BA39B4002F96E4 /* XCRemoteSwiftPackageReference "RNCryptor" */,
				C6303E2C29BA5750002F96E4 /* XCRemoteSwiftPackageReference "SnapKit" */,
			);
			productRefGroup = C6C7119129ACDCBB00D58FE8 /* Products */;
			projectDirPath = "";
			projectRoot = "";
			targets = (
				C6C7118F29ACDCBB00D58FE8 /* Blanball */,
			);
		};
/* End PBXProject section */

/* Begin PBXResourcesBuildPhase section */
		C6C7118E29ACDCBB00D58FE8 /* Resources */ = {
			isa = PBXResourcesBuildPhase;
			buildActionMask = 2147483647;
			files = (
				C6C711A029ACDCBD00D58FE8 /* LaunchScreen.storyboard in Resources */,
				C6303E9529BA60B6002F96E4 /* Inter-Regular.otf in Resources */,
				C6303E9229BA60B6002F96E4 /* Inter-SemiBold.otf in Resources */,
				C6303EB829BA60CF002F96E4 /* Exo2-Thin.ttf in Resources */,
				C6303E9829BA60B6002F96E4 /* Inter-Light.otf in Resources */,
				C6303E9629BA60B6002F96E4 /* Inter-ThinItalic.otf in Resources */,
				C6303E9A29BA60B6002F96E4 /* Inter-ExtraBold.otf in Resources */,
				C6303EC629BA60CF002F96E4 /* Exo2-SemiBold.ttf in Resources */,
				C6303EA129BA60B6002F96E4 /* Inter-Black.otf in Resources */,
				C6303E9D29BA60B6002F96E4 /* Inter-ExtraLightItalic.otf in Resources */,
				C6303EBF29BA60CF002F96E4 /* Exo2-Bold.ttf in Resources */,
				C6303EC429BA60CF002F96E4 /* Exo2-ExtraLightItalic.ttf in Resources */,
				C6303EBE29BA60CF002F96E4 /* Exo2-Regular.ttf in Resources */,
				C6303EC929BA60CF002F96E4 /* Exo2-SemiBoldItalic.ttf in Resources */,
				C6B8E82129ACECDC009AAD8F /* Localizable.strings in Resources */,
				C6303EA029BA60B6002F96E4 /* Inter-BlackItalic.otf in Resources */,
				C6303EC529BA60CF002F96E4 /* Exo2-LightItalic.ttf in Resources */,
				C6303EBB29BA60CF002F96E4 /* Exo2-ExtraLight.ttf in Resources */,
				C6303E9729BA60B6002F96E4 /* Inter-Bold.otf in Resources */,
				C6303EB929BA60CF002F96E4 /* Exo2-ExtraBold.ttf in Resources */,
				C6303EA229BA60B6002F96E4 /* Inter-Italic.otf in Resources */,
				C6303E9F29BA60B6002F96E4 /* Inter-LightItalic.otf in Resources */,
				C6C7119D29ACDCBD00D58FE8 /* Assets.xcassets in Resources */,
				C6303EBD29BA60CF002F96E4 /* Exo2-BoldItalic.ttf in Resources */,
				C6303EC129BA60CF002F96E4 /* Exo2-ExtraBoldItalic.ttf in Resources */,
				C6303EBC29BA60CF002F96E4 /* Exo2-ThinItalic.ttf in Resources */,
				C6303E9929BA60B6002F96E4 /* Inter-ExtraBoldItalic.otf in Resources */,
				C6FF396629B20FA7003610F5 /* InfoStage.plist in Resources */,
				C6303EC829BA60CF002F96E4 /* Exo2-MediumItalic.ttf in Resources */,
				C6303EA429BA60B6002F96E4 /* Inter-ExtraLight.otf in Resources */,
				41CAA4E829B4F86C00492DEB /* LoginViewController.xib in Resources */,
				C6303EC029BA60CF002F96E4 /* Exo2-Light.ttf in Resources */,
				C6303EC329BA60CF002F96E4 /* Exo2-Black.ttf in Resources */,
				C6303E9B29BA60B6002F96E4 /* Inter-V.ttf in Resources */,
				C6303E9E29BA60B6002F96E4 /* Inter-BoldItalic.otf in Resources */,
				C6303EA329BA60B6002F96E4 /* Inter-MediumItalic.otf in Resources */,
				C6303EC729BA60CF002F96E4 /* Exo2-Medium.ttf in Resources */,
				C6303EC229BA60CF002F96E4 /* Exo2-BlackItalic.ttf in Resources */,
				C6254A1329B376E000558130 /* swiftgen.yml in Resources */,
				41AE26AB29B887890072575B /* LoadingViewController.xib in Resources */,
				C6303EBA29BA60CF002F96E4 /* Exo2-Italic.ttf in Resources */,
				C6303E9429BA60B6002F96E4 /* Inter-Thin.otf in Resources */,
				C6303E9329BA60B6002F96E4 /* Inter-Medium.otf in Resources */,
				C6303E9C29BA60B6002F96E4 /* Inter-SemiBoldItalic.otf in Resources */,
			);
			runOnlyForDeploymentPostprocessing = 0;
		};
/* End PBXResourcesBuildPhase section */

/* Begin PBXShellScriptBuildPhase section */
		C664C84529B374D600409DBD /* SwiftGen */ = {
			isa = PBXShellScriptBuildPhase;
			buildActionMask = 2147483647;
			files = (
			);
			inputFileListPaths = (
			);
			inputPaths = (
			);
			name = SwiftGen;
			outputFileListPaths = (
			);
			outputPaths = (
			);
			runOnlyForDeploymentPostprocessing = 0;
			shellPath = /bin/sh;
			shellScript = "${PROJECT_DIR}/SwiftGen/bin/swiftgen\n";
		};
/* End PBXShellScriptBuildPhase section */

/* Begin PBXSourcesBuildPhase section */
		C6C7118C29ACDCBB00D58FE8 /* Sources */ = {
			isa = PBXSourcesBuildPhase;
			buildActionMask = 2147483647;
			files = (
				C6FF393D29AF992C003610F5 /* Configurable.swift in Sources */,
				C6303E0829B502E7002F96E4 /* LoginAPIClient.swift in Sources */,
				C6303E1029B76681002F96E4 /* AppCoordinator.swift in Sources */,
				4146422329B6003E00E4F0BF /* BlanRoundedTextField.swift in Sources */,
				C6FF394429AFB09C003610F5 /* NetworkError.swift in Sources */,
				4109988429BA91A700954329 /* CommonLabel.swift in Sources */,
				C6303E1829BA2FF7002F96E4 /* StorageManager.swift in Sources */,
				4109988F29BAB13200954329 /* UnderlinedDashButton.swift in Sources */,
				4109988C29BAA45C00954329 /* LabeledCheckBoxState.swift in Sources */,
				C6303E2229BA4315002F96E4 /* OptionalDecodable.swift in Sources */,
				C66DC04429BA728A00EFB207 /* JWTToken.swift in Sources */,
				C6FF394E29B1F54B003610F5 /* APIClient.swift in Sources */,
				C6FF395829B20399003610F5 /* EnviromentVars.swift in Sources */,
				41CAA4F829B4FDBB00492DEB /* ViewModelState.swift in Sources */,
				4109987D29BA70DE00954329 /* Assets+Generated.swift in Sources */,
				C6FF395629B201B2003610F5 /* AppConstansts .swift in Sources */,
				C6FF394229AF9C86003610F5 /* HTTPMethod.swift in Sources */,
				41CAA4FA29B4FE5900492DEB /* LoginViewModel.swift in Sources */,
				C6303E2729BA43D9002F96E4 /* StorageKey.swift in Sources */,
				4109987C29BA70DB00954329 /* Fonts+Generated.swift in Sources */,
				C6FF394B29B11C35003610F5 /* NetworkService.swift in Sources */,
				4146422829B6127C00E4F0BF /* UIView+CornerRadius.swift in Sources */,
				C6FF393229AF85A7003610F5 /* BaseViewModel.swift in Sources */,
				C6C7119429ACDCBB00D58FE8 /* AppDelegate.swift in Sources */,
				C6FF395329B2009D003610F5 /* CommonService+Default.swift in Sources */,
				41AE26AA29B887890072575B /* LoadingViewController.swift in Sources */,
				4146422529B6118800E4F0BF /* EdgeInsetsTextField.swift in Sources */,
				41CAA4F629B4FD3A00492DEB /* LoginViewModelState.swift in Sources */,
				4109988A29BAA2C800954329 /* BlanRoundedTextField+Constants.swift in Sources */,
				41CAA4E929B4F86C00492DEB /* LoginViewController.swift in Sources */,
				C66DC04629BA760200EFB207 /* Date+Extension.swift in Sources */,
				4109988829BA963000954329 /* LabeledCheckBox.swift in Sources */,
				C6303E1329B9F0BF002F96E4 /* LoginCoordinator.swift in Sources */,
				41AE26A629B67B9D0072575B /* AppConstants+Regex.swift in Sources */,
				C6303E0D29B50519002F96E4 /* Encodable+Extension.swift in Sources */,
				4109988129BA79F700954329 /* CommonButton.swift in Sources */,
				C6303E0629B502CA002F96E4 /* LoginAPI.swift in Sources */,
				C6FF393B29AF8C55003610F5 /* CommonService.swift in Sources */,
				C6303E0B29B5042F002F96E4 /* LoginRequestModel.swift in Sources */,
				C6FF396D29B2377D003610F5 /* String+Extension.swift in Sources */,
				C6303E2529BA43CE002F96E4 /* StorageContainer.swift in Sources */,
				C6303E2A29BA5318002F96E4 /* AuthorizationInterceptor.swift in Sources */,
				4146422B29B652F400E4F0BF /* BlanRoundedTextFieldState.swift in Sources */,
				C6FF393029AF84AE003610F5 /* BaseViewController.swift in Sources */,
			);
			runOnlyForDeploymentPostprocessing = 0;
		};
/* End PBXSourcesBuildPhase section */

/* Begin PBXVariantGroup section */
		C6B8E82329ACECDC009AAD8F /* Localizable.strings */ = {
			isa = PBXVariantGroup;
			children = (
				C6B8E82229ACECDC009AAD8F /* en */,
				C6B8E82429ACED08009AAD8F /* uk */,
				C6B8E82529ACED4C009AAD8F /* ru */,
			);
			name = Localizable.strings;
			sourceTree = "<group>";
		};
		C6C7119E29ACDCBD00D58FE8 /* LaunchScreen.storyboard */ = {
			isa = PBXVariantGroup;
			children = (
				C6C7119F29ACDCBD00D58FE8 /* Base */,
			);
			name = LaunchScreen.storyboard;
			sourceTree = "<group>";
		};
/* End PBXVariantGroup section */

/* Begin XCBuildConfiguration section */
		C6C711A229ACDCBD00D58FE8 /* Debug */ = {
			isa = XCBuildConfiguration;
			baseConfigurationReference = C6FF395B29B2068E003610F5 /* ProdBlanball.xcconfig */;
			buildSettings = {
				ALWAYS_SEARCH_USER_PATHS = NO;
				CLANG_ANALYZER_LOCALIZABILITY_NONLOCALIZED = YES;
				CLANG_ANALYZER_NONNULL = YES;
				CLANG_ANALYZER_NUMBER_OBJECT_CONVERSION = YES_AGGRESSIVE;
				CLANG_CXX_LANGUAGE_STANDARD = "gnu++20";
				CLANG_ENABLE_MODULES = YES;
				CLANG_ENABLE_OBJC_ARC = YES;
				CLANG_ENABLE_OBJC_WEAK = YES;
				CLANG_WARN_BLOCK_CAPTURE_AUTORELEASING = YES;
				CLANG_WARN_BOOL_CONVERSION = YES;
				CLANG_WARN_COMMA = YES;
				CLANG_WARN_CONSTANT_CONVERSION = YES;
				CLANG_WARN_DEPRECATED_OBJC_IMPLEMENTATIONS = YES;
				CLANG_WARN_DIRECT_OBJC_ISA_USAGE = YES_ERROR;
				CLANG_WARN_DOCUMENTATION_COMMENTS = YES;
				CLANG_WARN_EMPTY_BODY = YES;
				CLANG_WARN_ENUM_CONVERSION = YES;
				CLANG_WARN_INFINITE_RECURSION = YES;
				CLANG_WARN_INT_CONVERSION = YES;
				CLANG_WARN_NON_LITERAL_NULL_CONVERSION = YES;
				CLANG_WARN_OBJC_IMPLICIT_RETAIN_SELF = YES;
				CLANG_WARN_OBJC_LITERAL_CONVERSION = YES;
				CLANG_WARN_OBJC_ROOT_CLASS = YES_ERROR;
				CLANG_WARN_QUOTED_INCLUDE_IN_FRAMEWORK_HEADER = YES;
				CLANG_WARN_RANGE_LOOP_ANALYSIS = YES;
				CLANG_WARN_STRICT_PROTOTYPES = YES;
				CLANG_WARN_SUSPICIOUS_MOVE = YES;
				CLANG_WARN_UNGUARDED_AVAILABILITY = YES_AGGRESSIVE;
				CLANG_WARN_UNREACHABLE_CODE = YES;
				CLANG_WARN__DUPLICATE_METHOD_MATCH = YES;
				COPY_PHASE_STRIP = NO;
				DEBUG_INFORMATION_FORMAT = dwarf;
				ENABLE_STRICT_OBJC_MSGSEND = YES;
				ENABLE_TESTABILITY = YES;
				GCC_C_LANGUAGE_STANDARD = gnu11;
				GCC_DYNAMIC_NO_PIC = NO;
				GCC_NO_COMMON_BLOCKS = YES;
				GCC_OPTIMIZATION_LEVEL = 0;
				GCC_PREPROCESSOR_DEFINITIONS = (
					"DEBUG=1",
					"$(inherited)",
				);
				GCC_WARN_64_TO_32_BIT_CONVERSION = YES;
				GCC_WARN_ABOUT_RETURN_TYPE = YES_ERROR;
				GCC_WARN_UNDECLARED_SELECTOR = YES;
				GCC_WARN_UNINITIALIZED_AUTOS = YES_AGGRESSIVE;
				GCC_WARN_UNUSED_FUNCTION = YES;
				GCC_WARN_UNUSED_VARIABLE = YES;
				IPHONEOS_DEPLOYMENT_TARGET = 13.0;
				MTL_ENABLE_DEBUG_INFO = INCLUDE_SOURCE;
				MTL_FAST_MATH = YES;
				ONLY_ACTIVE_ARCH = YES;
				SDKROOT = iphoneos;
				SWIFT_ACTIVE_COMPILATION_CONDITIONS = DEBUG;
				SWIFT_OPTIMIZATION_LEVEL = "-Onone";
			};
			name = Debug;
		};
		C6C711A329ACDCBD00D58FE8 /* Release */ = {
			isa = XCBuildConfiguration;
			baseConfigurationReference = C6FF395B29B2068E003610F5 /* ProdBlanball.xcconfig */;
			buildSettings = {
				ALWAYS_SEARCH_USER_PATHS = NO;
				CLANG_ANALYZER_LOCALIZABILITY_NONLOCALIZED = YES;
				CLANG_ANALYZER_NONNULL = YES;
				CLANG_ANALYZER_NUMBER_OBJECT_CONVERSION = YES_AGGRESSIVE;
				CLANG_CXX_LANGUAGE_STANDARD = "gnu++20";
				CLANG_ENABLE_MODULES = YES;
				CLANG_ENABLE_OBJC_ARC = YES;
				CLANG_ENABLE_OBJC_WEAK = YES;
				CLANG_WARN_BLOCK_CAPTURE_AUTORELEASING = YES;
				CLANG_WARN_BOOL_CONVERSION = YES;
				CLANG_WARN_COMMA = YES;
				CLANG_WARN_CONSTANT_CONVERSION = YES;
				CLANG_WARN_DEPRECATED_OBJC_IMPLEMENTATIONS = YES;
				CLANG_WARN_DIRECT_OBJC_ISA_USAGE = YES_ERROR;
				CLANG_WARN_DOCUMENTATION_COMMENTS = YES;
				CLANG_WARN_EMPTY_BODY = YES;
				CLANG_WARN_ENUM_CONVERSION = YES;
				CLANG_WARN_INFINITE_RECURSION = YES;
				CLANG_WARN_INT_CONVERSION = YES;
				CLANG_WARN_NON_LITERAL_NULL_CONVERSION = YES;
				CLANG_WARN_OBJC_IMPLICIT_RETAIN_SELF = YES;
				CLANG_WARN_OBJC_LITERAL_CONVERSION = YES;
				CLANG_WARN_OBJC_ROOT_CLASS = YES_ERROR;
				CLANG_WARN_QUOTED_INCLUDE_IN_FRAMEWORK_HEADER = YES;
				CLANG_WARN_RANGE_LOOP_ANALYSIS = YES;
				CLANG_WARN_STRICT_PROTOTYPES = YES;
				CLANG_WARN_SUSPICIOUS_MOVE = YES;
				CLANG_WARN_UNGUARDED_AVAILABILITY = YES_AGGRESSIVE;
				CLANG_WARN_UNREACHABLE_CODE = YES;
				CLANG_WARN__DUPLICATE_METHOD_MATCH = YES;
				COPY_PHASE_STRIP = NO;
				DEBUG_INFORMATION_FORMAT = "dwarf-with-dsym";
				ENABLE_NS_ASSERTIONS = NO;
				ENABLE_STRICT_OBJC_MSGSEND = YES;
				GCC_C_LANGUAGE_STANDARD = gnu11;
				GCC_NO_COMMON_BLOCKS = YES;
				GCC_WARN_64_TO_32_BIT_CONVERSION = YES;
				GCC_WARN_ABOUT_RETURN_TYPE = YES_ERROR;
				GCC_WARN_UNDECLARED_SELECTOR = YES;
				GCC_WARN_UNINITIALIZED_AUTOS = YES_AGGRESSIVE;
				GCC_WARN_UNUSED_FUNCTION = YES;
				GCC_WARN_UNUSED_VARIABLE = YES;
				IPHONEOS_DEPLOYMENT_TARGET = 13.0;
				MTL_ENABLE_DEBUG_INFO = NO;
				MTL_FAST_MATH = YES;
				SDKROOT = iphoneos;
				SWIFT_COMPILATION_MODE = wholemodule;
				SWIFT_OPTIMIZATION_LEVEL = "-O";
				VALIDATE_PRODUCT = YES;
			};
			name = Release;
		};
		C6C711A529ACDCBD00D58FE8 /* Debug */ = {
			isa = XCBuildConfiguration;
			buildSettings = {
				ASSETCATALOG_COMPILER_APPICON_NAME = AppIcon;
				ASSETCATALOG_COMPILER_GLOBAL_ACCENT_COLOR_NAME = AccentColor;
				CODE_SIGN_STYLE = Automatic;
				CURRENT_PROJECT_VERSION = 1;
				DEVELOPMENT_TEAM = Y9BL4HAG46;
				GENERATE_INFOPLIST_FILE = YES;
				INFOPLIST_FILE = Blanball/InfoProd.plist;
				INFOPLIST_KEY_CFBundleDisplayName = Blanball;
				INFOPLIST_KEY_UIApplicationSupportsIndirectInputEvents = YES;
				INFOPLIST_KEY_UILaunchStoryboardName = LaunchScreen;
				INFOPLIST_KEY_UISupportedInterfaceOrientations_iPad = "UIInterfaceOrientationPortrait UIInterfaceOrientationPortraitUpsideDown UIInterfaceOrientationLandscapeLeft UIInterfaceOrientationLandscapeRight";
				INFOPLIST_KEY_UISupportedInterfaceOrientations_iPhone = "UIInterfaceOrientationPortrait UIInterfaceOrientationLandscapeLeft UIInterfaceOrientationLandscapeRight";
				IPHONEOS_DEPLOYMENT_TARGET = 13.0;
				LD_RUNPATH_SEARCH_PATHS = (
					"$(inherited)",
					"@executable_path/Frameworks",
				);
				MARKETING_VERSION = 1.0;
				PRODUCT_BUNDLE_IDENTIFIER = com.FlumX.Blanball;
				PRODUCT_NAME = "$(TARGET_NAME)";
				SUPPORTED_PLATFORMS = "iphoneos iphonesimulator";
				SUPPORTS_MACCATALYST = NO;
				SUPPORTS_MAC_DESIGNED_FOR_IPHONE_IPAD = NO;
				SWIFT_EMIT_LOC_STRINGS = YES;
				SWIFT_VERSION = 5.0;
				TARGETED_DEVICE_FAMILY = "1,2";
			};
			name = Debug;
		};
		C6C711A629ACDCBD00D58FE8 /* Release */ = {
			isa = XCBuildConfiguration;
			buildSettings = {
				ASSETCATALOG_COMPILER_APPICON_NAME = AppIcon;
				ASSETCATALOG_COMPILER_GLOBAL_ACCENT_COLOR_NAME = AccentColor;
				CODE_SIGN_STYLE = Automatic;
				CURRENT_PROJECT_VERSION = 1;
				DEVELOPMENT_TEAM = Y9BL4HAG46;
				GENERATE_INFOPLIST_FILE = YES;
				INFOPLIST_FILE = Blanball/InfoProd.plist;
				INFOPLIST_KEY_CFBundleDisplayName = Blanball;
				INFOPLIST_KEY_UIApplicationSupportsIndirectInputEvents = YES;
				INFOPLIST_KEY_UILaunchStoryboardName = LaunchScreen;
				INFOPLIST_KEY_UISupportedInterfaceOrientations_iPad = "UIInterfaceOrientationPortrait UIInterfaceOrientationPortraitUpsideDown UIInterfaceOrientationLandscapeLeft UIInterfaceOrientationLandscapeRight";
				INFOPLIST_KEY_UISupportedInterfaceOrientations_iPhone = "UIInterfaceOrientationPortrait UIInterfaceOrientationLandscapeLeft UIInterfaceOrientationLandscapeRight";
				IPHONEOS_DEPLOYMENT_TARGET = 13.0;
				LD_RUNPATH_SEARCH_PATHS = (
					"$(inherited)",
					"@executable_path/Frameworks",
				);
				MARKETING_VERSION = 1.0;
				PRODUCT_BUNDLE_IDENTIFIER = com.FlumX.Blanball;
				PRODUCT_NAME = "$(TARGET_NAME)";
				SUPPORTED_PLATFORMS = "iphoneos iphonesimulator";
				SUPPORTS_MACCATALYST = NO;
				SUPPORTS_MAC_DESIGNED_FOR_IPHONE_IPAD = NO;
				SWIFT_EMIT_LOC_STRINGS = YES;
				SWIFT_VERSION = 5.0;
				TARGETED_DEVICE_FAMILY = "1,2";
			};
			name = Release;
		};
		C6FF395C29B20CE6003610F5 /* STAGE-Debug */ = {
			isa = XCBuildConfiguration;
			baseConfigurationReference = C6FF395A29B20631003610F5 /* StageBlanball.xcconfig */;
			buildSettings = {
				ALWAYS_SEARCH_USER_PATHS = NO;
				CLANG_ANALYZER_LOCALIZABILITY_NONLOCALIZED = YES;
				CLANG_ANALYZER_NONNULL = YES;
				CLANG_ANALYZER_NUMBER_OBJECT_CONVERSION = YES_AGGRESSIVE;
				CLANG_CXX_LANGUAGE_STANDARD = "gnu++20";
				CLANG_ENABLE_MODULES = YES;
				CLANG_ENABLE_OBJC_ARC = YES;
				CLANG_ENABLE_OBJC_WEAK = YES;
				CLANG_WARN_BLOCK_CAPTURE_AUTORELEASING = YES;
				CLANG_WARN_BOOL_CONVERSION = YES;
				CLANG_WARN_COMMA = YES;
				CLANG_WARN_CONSTANT_CONVERSION = YES;
				CLANG_WARN_DEPRECATED_OBJC_IMPLEMENTATIONS = YES;
				CLANG_WARN_DIRECT_OBJC_ISA_USAGE = YES_ERROR;
				CLANG_WARN_DOCUMENTATION_COMMENTS = YES;
				CLANG_WARN_EMPTY_BODY = YES;
				CLANG_WARN_ENUM_CONVERSION = YES;
				CLANG_WARN_INFINITE_RECURSION = YES;
				CLANG_WARN_INT_CONVERSION = YES;
				CLANG_WARN_NON_LITERAL_NULL_CONVERSION = YES;
				CLANG_WARN_OBJC_IMPLICIT_RETAIN_SELF = YES;
				CLANG_WARN_OBJC_LITERAL_CONVERSION = YES;
				CLANG_WARN_OBJC_ROOT_CLASS = YES_ERROR;
				CLANG_WARN_QUOTED_INCLUDE_IN_FRAMEWORK_HEADER = YES;
				CLANG_WARN_RANGE_LOOP_ANALYSIS = YES;
				CLANG_WARN_STRICT_PROTOTYPES = YES;
				CLANG_WARN_SUSPICIOUS_MOVE = YES;
				CLANG_WARN_UNGUARDED_AVAILABILITY = YES_AGGRESSIVE;
				CLANG_WARN_UNREACHABLE_CODE = YES;
				CLANG_WARN__DUPLICATE_METHOD_MATCH = YES;
				COPY_PHASE_STRIP = NO;
				DEBUG_INFORMATION_FORMAT = dwarf;
				ENABLE_STRICT_OBJC_MSGSEND = YES;
				ENABLE_TESTABILITY = YES;
				GCC_C_LANGUAGE_STANDARD = gnu11;
				GCC_DYNAMIC_NO_PIC = NO;
				GCC_NO_COMMON_BLOCKS = YES;
				GCC_OPTIMIZATION_LEVEL = 0;
				GCC_PREPROCESSOR_DEFINITIONS = (
					"DEBUG=1",
					"$(inherited)",
				);
				GCC_WARN_64_TO_32_BIT_CONVERSION = YES;
				GCC_WARN_ABOUT_RETURN_TYPE = YES_ERROR;
				GCC_WARN_UNDECLARED_SELECTOR = YES;
				GCC_WARN_UNINITIALIZED_AUTOS = YES_AGGRESSIVE;
				GCC_WARN_UNUSED_FUNCTION = YES;
				GCC_WARN_UNUSED_VARIABLE = YES;
				IPHONEOS_DEPLOYMENT_TARGET = 13.0;
				MTL_ENABLE_DEBUG_INFO = INCLUDE_SOURCE;
				MTL_FAST_MATH = YES;
				ONLY_ACTIVE_ARCH = YES;
				SDKROOT = iphoneos;
				SWIFT_ACTIVE_COMPILATION_CONDITIONS = DEBUG;
				SWIFT_OPTIMIZATION_LEVEL = "-Onone";
			};
			name = "STAGE-Debug";
		};
		C6FF395D29B20CE6003610F5 /* STAGE-Debug */ = {
			isa = XCBuildConfiguration;
			buildSettings = {
				ASSETCATALOG_COMPILER_APPICON_NAME = AppIcon;
				ASSETCATALOG_COMPILER_GLOBAL_ACCENT_COLOR_NAME = AccentColor;
				CODE_SIGN_STYLE = Automatic;
				CURRENT_PROJECT_VERSION = 1;
				DEVELOPMENT_TEAM = Y9BL4HAG46;
				GENERATE_INFOPLIST_FILE = YES;
				INFOPLIST_FILE = Blanball/InfoStage.plist;
				INFOPLIST_KEY_CFBundleDisplayName = Blanball;
				INFOPLIST_KEY_UIApplicationSupportsIndirectInputEvents = YES;
				INFOPLIST_KEY_UILaunchStoryboardName = LaunchScreen;
				INFOPLIST_KEY_UISupportedInterfaceOrientations_iPad = "UIInterfaceOrientationPortrait UIInterfaceOrientationPortraitUpsideDown UIInterfaceOrientationLandscapeLeft UIInterfaceOrientationLandscapeRight";
				INFOPLIST_KEY_UISupportedInterfaceOrientations_iPhone = "UIInterfaceOrientationPortrait UIInterfaceOrientationLandscapeLeft UIInterfaceOrientationLandscapeRight";
				IPHONEOS_DEPLOYMENT_TARGET = 13.0;
				LD_RUNPATH_SEARCH_PATHS = (
					"$(inherited)",
					"@executable_path/Frameworks",
				);
				MARKETING_VERSION = 1.0;
				PRODUCT_BUNDLE_IDENTIFIER = com.FlumX.Blanball;
				PRODUCT_NAME = "$(TARGET_NAME)";
				SUPPORTED_PLATFORMS = "iphoneos iphonesimulator";
				SUPPORTS_MACCATALYST = NO;
				SUPPORTS_MAC_DESIGNED_FOR_IPHONE_IPAD = NO;
				SWIFT_EMIT_LOC_STRINGS = YES;
				SWIFT_VERSION = 5.0;
				TARGETED_DEVICE_FAMILY = "1,2";
			};
			name = "STAGE-Debug";
		};
		C6FF395E29B20D52003610F5 /* STAGE-Release */ = {
			isa = XCBuildConfiguration;
			baseConfigurationReference = C6FF395A29B20631003610F5 /* StageBlanball.xcconfig */;
			buildSettings = {
				ALWAYS_SEARCH_USER_PATHS = NO;
				CLANG_ANALYZER_LOCALIZABILITY_NONLOCALIZED = YES;
				CLANG_ANALYZER_NONNULL = YES;
				CLANG_ANALYZER_NUMBER_OBJECT_CONVERSION = YES_AGGRESSIVE;
				CLANG_CXX_LANGUAGE_STANDARD = "gnu++20";
				CLANG_ENABLE_MODULES = YES;
				CLANG_ENABLE_OBJC_ARC = YES;
				CLANG_ENABLE_OBJC_WEAK = YES;
				CLANG_WARN_BLOCK_CAPTURE_AUTORELEASING = YES;
				CLANG_WARN_BOOL_CONVERSION = YES;
				CLANG_WARN_COMMA = YES;
				CLANG_WARN_CONSTANT_CONVERSION = YES;
				CLANG_WARN_DEPRECATED_OBJC_IMPLEMENTATIONS = YES;
				CLANG_WARN_DIRECT_OBJC_ISA_USAGE = YES_ERROR;
				CLANG_WARN_DOCUMENTATION_COMMENTS = YES;
				CLANG_WARN_EMPTY_BODY = YES;
				CLANG_WARN_ENUM_CONVERSION = YES;
				CLANG_WARN_INFINITE_RECURSION = YES;
				CLANG_WARN_INT_CONVERSION = YES;
				CLANG_WARN_NON_LITERAL_NULL_CONVERSION = YES;
				CLANG_WARN_OBJC_IMPLICIT_RETAIN_SELF = YES;
				CLANG_WARN_OBJC_LITERAL_CONVERSION = YES;
				CLANG_WARN_OBJC_ROOT_CLASS = YES_ERROR;
				CLANG_WARN_QUOTED_INCLUDE_IN_FRAMEWORK_HEADER = YES;
				CLANG_WARN_RANGE_LOOP_ANALYSIS = YES;
				CLANG_WARN_STRICT_PROTOTYPES = YES;
				CLANG_WARN_SUSPICIOUS_MOVE = YES;
				CLANG_WARN_UNGUARDED_AVAILABILITY = YES_AGGRESSIVE;
				CLANG_WARN_UNREACHABLE_CODE = YES;
				CLANG_WARN__DUPLICATE_METHOD_MATCH = YES;
				COPY_PHASE_STRIP = NO;
				DEBUG_INFORMATION_FORMAT = dwarf;
				ENABLE_STRICT_OBJC_MSGSEND = YES;
				ENABLE_TESTABILITY = YES;
				GCC_C_LANGUAGE_STANDARD = gnu11;
				GCC_DYNAMIC_NO_PIC = NO;
				GCC_NO_COMMON_BLOCKS = YES;
				GCC_OPTIMIZATION_LEVEL = 0;
				GCC_PREPROCESSOR_DEFINITIONS = (
					"DEBUG=1",
					"$(inherited)",
				);
				GCC_WARN_64_TO_32_BIT_CONVERSION = YES;
				GCC_WARN_ABOUT_RETURN_TYPE = YES_ERROR;
				GCC_WARN_UNDECLARED_SELECTOR = YES;
				GCC_WARN_UNINITIALIZED_AUTOS = YES_AGGRESSIVE;
				GCC_WARN_UNUSED_FUNCTION = YES;
				GCC_WARN_UNUSED_VARIABLE = YES;
				IPHONEOS_DEPLOYMENT_TARGET = 13.0;
				MTL_ENABLE_DEBUG_INFO = INCLUDE_SOURCE;
				MTL_FAST_MATH = YES;
				ONLY_ACTIVE_ARCH = YES;
				SDKROOT = iphoneos;
				SWIFT_ACTIVE_COMPILATION_CONDITIONS = DEBUG;
				SWIFT_OPTIMIZATION_LEVEL = "-Onone";
			};
			name = "STAGE-Release";
		};
		C6FF395F29B20D52003610F5 /* STAGE-Release */ = {
			isa = XCBuildConfiguration;
			buildSettings = {
				ASSETCATALOG_COMPILER_APPICON_NAME = AppIcon;
				ASSETCATALOG_COMPILER_GLOBAL_ACCENT_COLOR_NAME = AccentColor;
				CODE_SIGN_STYLE = Automatic;
				CURRENT_PROJECT_VERSION = 1;
				DEVELOPMENT_TEAM = Y9BL4HAG46;
				GENERATE_INFOPLIST_FILE = YES;
				INFOPLIST_FILE = Blanball/InfoStage.plist;
				INFOPLIST_KEY_CFBundleDisplayName = Blanball;
				INFOPLIST_KEY_UIApplicationSupportsIndirectInputEvents = YES;
				INFOPLIST_KEY_UILaunchStoryboardName = LaunchScreen;
				INFOPLIST_KEY_UISupportedInterfaceOrientations_iPad = "UIInterfaceOrientationPortrait UIInterfaceOrientationPortraitUpsideDown UIInterfaceOrientationLandscapeLeft UIInterfaceOrientationLandscapeRight";
				INFOPLIST_KEY_UISupportedInterfaceOrientations_iPhone = "UIInterfaceOrientationPortrait UIInterfaceOrientationLandscapeLeft UIInterfaceOrientationLandscapeRight";
				IPHONEOS_DEPLOYMENT_TARGET = 13.0;
				LD_RUNPATH_SEARCH_PATHS = (
					"$(inherited)",
					"@executable_path/Frameworks",
				);
				MARKETING_VERSION = 1.0;
				PRODUCT_BUNDLE_IDENTIFIER = com.FlumX.Blanball;
				PRODUCT_NAME = "$(TARGET_NAME)";
				SUPPORTED_PLATFORMS = "iphoneos iphonesimulator";
				SUPPORTS_MACCATALYST = NO;
				SUPPORTS_MAC_DESIGNED_FOR_IPHONE_IPAD = NO;
				SWIFT_EMIT_LOC_STRINGS = YES;
				SWIFT_VERSION = 5.0;
				TARGETED_DEVICE_FAMILY = "1,2";
			};
			name = "STAGE-Release";
		};
/* End XCBuildConfiguration section */

/* Begin XCConfigurationList section */
		C6C7118B29ACDCBB00D58FE8 /* Build configuration list for PBXProject "Blanball" */ = {
			isa = XCConfigurationList;
			buildConfigurations = (
				C6C711A229ACDCBD00D58FE8 /* Debug */,
				C6FF395C29B20CE6003610F5 /* STAGE-Debug */,
				C6FF395E29B20D52003610F5 /* STAGE-Release */,
				C6C711A329ACDCBD00D58FE8 /* Release */,
			);
			defaultConfigurationIsVisible = 0;
			defaultConfigurationName = Release;
		};
		C6C711A429ACDCBD00D58FE8 /* Build configuration list for PBXNativeTarget "Blanball" */ = {
			isa = XCConfigurationList;
			buildConfigurations = (
				C6C711A529ACDCBD00D58FE8 /* Debug */,
				C6FF395D29B20CE6003610F5 /* STAGE-Debug */,
				C6FF395F29B20D52003610F5 /* STAGE-Release */,
				C6C711A629ACDCBD00D58FE8 /* Release */,
			);
			defaultConfigurationIsVisible = 0;
			defaultConfigurationName = Release;
		};
/* End XCConfigurationList section */

/* Begin XCRemoteSwiftPackageReference section */
		C6303E1929BA39B4002F96E4 /* XCRemoteSwiftPackageReference "RNCryptor" */ = {
			isa = XCRemoteSwiftPackageReference;
			repositoryURL = "https://github.com/RNCryptor/RNCryptor.git";
			requirement = {
				kind = upToNextMajorVersion;
				minimumVersion = 5.0.0;
			};
		};
		C6303E2C29BA5750002F96E4 /* XCRemoteSwiftPackageReference "SnapKit" */ = {
			isa = XCRemoteSwiftPackageReference;
			repositoryURL = "https://github.com/SnapKit/SnapKit.git";
			requirement = {
				branch = develop;
				kind = branch;
			};
		};
		C6FF393329AF886A003610F5 /* XCRemoteSwiftPackageReference "XCoordinator" */ = {
			isa = XCRemoteSwiftPackageReference;
			repositoryURL = "https://github.com/quickbirdstudios/XCoordinator.git";
			requirement = {
				kind = upToNextMajorVersion;
				minimumVersion = 2.0.0;
			};
		};
/* End XCRemoteSwiftPackageReference section */

/* Begin XCSwiftPackageProductDependency section */
		C6303E1A29BA39B4002F96E4 /* RNCryptor */ = {
			isa = XCSwiftPackageProductDependency;
			package = C6303E1929BA39B4002F96E4 /* XCRemoteSwiftPackageReference "RNCryptor" */;
			productName = RNCryptor;
		};
		C6303E2D29BA5750002F96E4 /* SnapKit */ = {
			isa = XCSwiftPackageProductDependency;
			package = C6303E2C29BA5750002F96E4 /* XCRemoteSwiftPackageReference "SnapKit" */;
			productName = SnapKit;
		};
		C6FF393429AF886A003610F5 /* XCoordinator */ = {
			isa = XCSwiftPackageProductDependency;
			package = C6FF393329AF886A003610F5 /* XCRemoteSwiftPackageReference "XCoordinator" */;
			productName = XCoordinator;
		};
		C6FF393629AF886A003610F5 /* XCoordinatorCombine */ = {
			isa = XCSwiftPackageProductDependency;
			package = C6FF393329AF886A003610F5 /* XCRemoteSwiftPackageReference "XCoordinator" */;
			productName = XCoordinatorCombine;
		};
/* End XCSwiftPackageProductDependency section */
	};
	rootObject = C6C7118829ACDCBB00D58FE8 /* Project object */;
}
