// !$*UTF8*$!
{
	archiveVersion = 1;
	classes = {
	};
	objectVersion = 56;
	objects = {

/* Begin PBXBuildFile section */
		C6254A1329B376E000558130 /* swiftgen.yml in Resources */ = {isa = PBXBuildFile; fileRef = C6254A1229B376DF00558130 /* swiftgen.yml */; };
		C6254A1B29B380A600558130 /* Assets+Generated.swift in Sources */ = {isa = PBXBuildFile; fileRef = C6254A1929B380A600558130 /* Assets+Generated.swift */; };
		C6254A1C29B380A600558130 /* Strings+Generated.swift in Sources */ = {isa = PBXBuildFile; fileRef = C6254A1A29B380A600558130 /* Strings+Generated.swift */; };
		C6B8E82129ACECDC009AAD8F /* Localizable.strings in Resources */ = {isa = PBXBuildFile; fileRef = C6B8E82329ACECDC009AAD8F /* Localizable.strings */; };
		C6C7119429ACDCBB00D58FE8 /* AppDelegate.swift in Sources */ = {isa = PBXBuildFile; fileRef = C6C7119329ACDCBB00D58FE8 /* AppDelegate.swift */; };
		C6C7119829ACDCBB00D58FE8 /* ViewController.swift in Sources */ = {isa = PBXBuildFile; fileRef = C6C7119729ACDCBB00D58FE8 /* ViewController.swift */; };
		C6C7119B29ACDCBB00D58FE8 /* Main.storyboard in Resources */ = {isa = PBXBuildFile; fileRef = C6C7119929ACDCBB00D58FE8 /* Main.storyboard */; };
		C6C7119D29ACDCBD00D58FE8 /* Assets.xcassets in Resources */ = {isa = PBXBuildFile; fileRef = C6C7119C29ACDCBD00D58FE8 /* Assets.xcassets */; };
		C6C711A029ACDCBD00D58FE8 /* LaunchScreen.storyboard in Resources */ = {isa = PBXBuildFile; fileRef = C6C7119E29ACDCBD00D58FE8 /* LaunchScreen.storyboard */; };
		C6FF393029AF84AE003610F5 /* BaseViewController.swift in Sources */ = {isa = PBXBuildFile; fileRef = C6FF392F29AF84AE003610F5 /* BaseViewController.swift */; };
		C6FF393229AF85A7003610F5 /* BaseViewModel.swift in Sources */ = {isa = PBXBuildFile; fileRef = C6FF393129AF85A7003610F5 /* BaseViewModel.swift */; };
		C6FF393529AF886A003610F5 /* XCoordinator in Frameworks */ = {isa = PBXBuildFile; productRef = C6FF393429AF886A003610F5 /* XCoordinator */; };
		C6FF393729AF886A003610F5 /* XCoordinatorCombine in Frameworks */ = {isa = PBXBuildFile; productRef = C6FF393629AF886A003610F5 /* XCoordinatorCombine */; };
		C6FF393B29AF8C55003610F5 /* CommonService.swift in Sources */ = {isa = PBXBuildFile; fileRef = C6FF393A29AF8C55003610F5 /* CommonService.swift */; };
		C6FF393D29AF992C003610F5 /* Configurable.swift in Sources */ = {isa = PBXBuildFile; fileRef = C6FF393C29AF992C003610F5 /* Configurable.swift */; };
		C6FF394229AF9C86003610F5 /* HTTPMethod.swift in Sources */ = {isa = PBXBuildFile; fileRef = C6FF394129AF9C86003610F5 /* HTTPMethod.swift */; };
		C6FF394429AFB09C003610F5 /* NetworkError.swift in Sources */ = {isa = PBXBuildFile; fileRef = C6FF394329AFB09C003610F5 /* NetworkError.swift */; };
		C6FF394B29B11C35003610F5 /* NetworkService.swift in Sources */ = {isa = PBXBuildFile; fileRef = C6FF394A29B11C35003610F5 /* NetworkService.swift */; };
		C6FF394E29B1F54B003610F5 /* APIClient.swift in Sources */ = {isa = PBXBuildFile; fileRef = C6FF394D29B1F54B003610F5 /* APIClient.swift */; };
		C6FF395329B2009D003610F5 /* CommonService+Default.swift in Sources */ = {isa = PBXBuildFile; fileRef = C6FF395229B2009D003610F5 /* CommonService+Default.swift */; };
		C6FF395629B201B2003610F5 /* AppConstansts .swift in Sources */ = {isa = PBXBuildFile; fileRef = C6FF395529B201B2003610F5 /* AppConstansts .swift */; };
		C6FF395829B20399003610F5 /* EnviromentVars.swift in Sources */ = {isa = PBXBuildFile; fileRef = C6FF395729B20399003610F5 /* EnviromentVars.swift */; };
		C6FF396629B20FA7003610F5 /* InfoStage.plist in Resources */ = {isa = PBXBuildFile; fileRef = C6FF396529B20FA7003610F5 /* InfoStage.plist */; };
		C6FF396D29B2377D003610F5 /* String+Extension.swift in Sources */ = {isa = PBXBuildFile; fileRef = C6FF396C29B2377D003610F5 /* String+Extension.swift */; };
/* End PBXBuildFile section */

/* Begin PBXFileReference section */
		C6254A1229B376DF00558130 /* swiftgen.yml */ = {isa = PBXFileReference; fileEncoding = 4; lastKnownFileType = text.yaml; path = swiftgen.yml; sourceTree = "<group>"; };
		C6254A1929B380A600558130 /* Assets+Generated.swift */ = {isa = PBXFileReference; fileEncoding = 4; lastKnownFileType = sourcecode.swift; path = "Assets+Generated.swift"; sourceTree = "<group>"; };
		C6254A1A29B380A600558130 /* Strings+Generated.swift */ = {isa = PBXFileReference; fileEncoding = 4; lastKnownFileType = sourcecode.swift; path = "Strings+Generated.swift"; sourceTree = "<group>"; };
		C6B8E82229ACECDC009AAD8F /* en */ = {isa = PBXFileReference; lastKnownFileType = text.plist.strings; name = en; path = en.lproj/Localizable.strings; sourceTree = "<group>"; };
		C6B8E82429ACED08009AAD8F /* uk */ = {isa = PBXFileReference; lastKnownFileType = text.plist.strings; name = uk; path = uk.lproj/Localizable.strings; sourceTree = "<group>"; };
		C6B8E82529ACED4C009AAD8F /* ru */ = {isa = PBXFileReference; lastKnownFileType = text.plist.strings; name = ru; path = ru.lproj/Localizable.strings; sourceTree = "<group>"; };
		C6C7119029ACDCBB00D58FE8 /* Blanball.app */ = {isa = PBXFileReference; explicitFileType = wrapper.application; includeInIndex = 0; path = Blanball.app; sourceTree = BUILT_PRODUCTS_DIR; };
		C6C7119329ACDCBB00D58FE8 /* AppDelegate.swift */ = {isa = PBXFileReference; lastKnownFileType = sourcecode.swift; path = AppDelegate.swift; sourceTree = "<group>"; };
		C6C7119729ACDCBB00D58FE8 /* ViewController.swift */ = {isa = PBXFileReference; lastKnownFileType = sourcecode.swift; path = ViewController.swift; sourceTree = "<group>"; };
		C6C7119A29ACDCBB00D58FE8 /* Base */ = {isa = PBXFileReference; lastKnownFileType = file.storyboard; name = Base; path = Base.lproj/Main.storyboard; sourceTree = "<group>"; };
		C6C7119C29ACDCBD00D58FE8 /* Assets.xcassets */ = {isa = PBXFileReference; lastKnownFileType = folder.assetcatalog; path = Assets.xcassets; sourceTree = "<group>"; };
		C6C7119F29ACDCBD00D58FE8 /* Base */ = {isa = PBXFileReference; lastKnownFileType = file.storyboard; name = Base; path = Base.lproj/LaunchScreen.storyboard; sourceTree = "<group>"; };
		C6FF392F29AF84AE003610F5 /* BaseViewController.swift */ = {isa = PBXFileReference; lastKnownFileType = sourcecode.swift; path = BaseViewController.swift; sourceTree = "<group>"; };
		C6FF393129AF85A7003610F5 /* BaseViewModel.swift */ = {isa = PBXFileReference; lastKnownFileType = sourcecode.swift; path = BaseViewModel.swift; sourceTree = "<group>"; };
		C6FF393A29AF8C55003610F5 /* CommonService.swift */ = {isa = PBXFileReference; lastKnownFileType = sourcecode.swift; path = CommonService.swift; sourceTree = "<group>"; };
		C6FF393C29AF992C003610F5 /* Configurable.swift */ = {isa = PBXFileReference; lastKnownFileType = sourcecode.swift; path = Configurable.swift; sourceTree = "<group>"; };
		C6FF394129AF9C86003610F5 /* HTTPMethod.swift */ = {isa = PBXFileReference; lastKnownFileType = sourcecode.swift; path = HTTPMethod.swift; sourceTree = "<group>"; };
		C6FF394329AFB09C003610F5 /* NetworkError.swift */ = {isa = PBXFileReference; lastKnownFileType = sourcecode.swift; path = NetworkError.swift; sourceTree = "<group>"; };
		C6FF394A29B11C35003610F5 /* NetworkService.swift */ = {isa = PBXFileReference; lastKnownFileType = sourcecode.swift; path = NetworkService.swift; sourceTree = "<group>"; };
		C6FF394D29B1F54B003610F5 /* APIClient.swift */ = {isa = PBXFileReference; lastKnownFileType = sourcecode.swift; path = APIClient.swift; sourceTree = "<group>"; };
		C6FF395229B2009D003610F5 /* CommonService+Default.swift */ = {isa = PBXFileReference; lastKnownFileType = sourcecode.swift; path = "CommonService+Default.swift"; sourceTree = "<group>"; };
		C6FF395529B201B2003610F5 /* AppConstansts .swift */ = {isa = PBXFileReference; lastKnownFileType = sourcecode.swift; path = "AppConstansts .swift"; sourceTree = "<group>"; };
		C6FF395729B20399003610F5 /* EnviromentVars.swift */ = {isa = PBXFileReference; lastKnownFileType = sourcecode.swift; path = EnviromentVars.swift; sourceTree = "<group>"; };
		C6FF395A29B20631003610F5 /* StageBlanball.xcconfig */ = {isa = PBXFileReference; lastKnownFileType = text.xcconfig; path = StageBlanball.xcconfig; sourceTree = "<group>"; };
		C6FF395B29B2068E003610F5 /* ProdBlanball.xcconfig */ = {isa = PBXFileReference; lastKnownFileType = text.xcconfig; path = ProdBlanball.xcconfig; sourceTree = "<group>"; };
		C6FF396429B20F8B003610F5 /* InfoProd.plist */ = {isa = PBXFileReference; lastKnownFileType = text.plist.xml; path = InfoProd.plist; sourceTree = "<group>"; };
		C6FF396529B20FA7003610F5 /* InfoStage.plist */ = {isa = PBXFileReference; lastKnownFileType = text.plist.xml; path = InfoStage.plist; sourceTree = "<group>"; };
		C6FF396C29B2377D003610F5 /* String+Extension.swift */ = {isa = PBXFileReference; lastKnownFileType = sourcecode.swift; path = "String+Extension.swift"; sourceTree = "<group>"; };
/* End PBXFileReference section */

/* Begin PBXFrameworksBuildPhase section */
		C6C7118D29ACDCBB00D58FE8 /* Frameworks */ = {
			isa = PBXFrameworksBuildPhase;
			buildActionMask = 2147483647;
			files = (
				C6FF393729AF886A003610F5 /* XCoordinatorCombine in Frameworks */,
				C6FF393529AF886A003610F5 /* XCoordinator in Frameworks */,
			);
			runOnlyForDeploymentPostprocessing = 0;
		};
/* End PBXFrameworksBuildPhase section */

/* Begin PBXGroup section */
		C6254A1429B3785A00558130 /* Generated */ = {
			isa = PBXGroup;
			children = (
				C6254A1929B380A600558130 /* Assets+Generated.swift */,
				C6254A1A29B380A600558130 /* Strings+Generated.swift */,
			);
			path = Generated;
			sourceTree = "<group>";
		};
		C6B8E81E29ACEC9E009AAD8F /* Resources */ = {
			isa = PBXGroup;
			children = (
				C6254A1429B3785A00558130 /* Generated */,
				C6C7119C29ACDCBD00D58FE8 /* Assets.xcassets */,
				C6B8E82329ACECDC009AAD8F /* Localizable.strings */,
			);
			path = Resources;
			sourceTree = "<group>";
		};
		C6C7118729ACDCBB00D58FE8 = {
			isa = PBXGroup;
			children = (
				C6254A1229B376DF00558130 /* swiftgen.yml */,
				C6C7119229ACDCBB00D58FE8 /* Blanball */,
				C6C7119129ACDCBB00D58FE8 /* Products */,
			);
			sourceTree = "<group>";
		};
		C6C7119129ACDCBB00D58FE8 /* Products */ = {
			isa = PBXGroup;
			children = (
				C6C7119029ACDCBB00D58FE8 /* Blanball.app */,
			);
			name = Products;
			sourceTree = "<group>";
		};
		C6C7119229ACDCBB00D58FE8 /* Blanball */ = {
			isa = PBXGroup;
			children = (
				C6FF395929B2042B003610F5 /* Configs */,
				C6FF394C29B1E6BC003610F5 /* Common */,
				C6C7119329ACDCBB00D58FE8 /* AppDelegate.swift */,
				C6C7119729ACDCBB00D58FE8 /* ViewController.swift */,
				C6C7119929ACDCBB00D58FE8 /* Main.storyboard */,
				C6B8E81E29ACEC9E009AAD8F /* Resources */,
				C6C7119E29ACDCBD00D58FE8 /* LaunchScreen.storyboard */,
				C6FF396429B20F8B003610F5 /* InfoProd.plist */,
				C6FF396529B20FA7003610F5 /* InfoStage.plist */,
			);
			path = Blanball;
			sourceTree = "<group>";
		};
		C6FF392C29AF83F4003610F5 /* Core Layers */ = {
			isa = PBXGroup;
			children = (
				C6FF392D29AF846B003610F5 /* Module */,
				C6FF392E29AF8473003610F5 /* Network */,
			);
			path = "Core Layers";
			sourceTree = "<group>";
		};
		C6FF392D29AF846B003610F5 /* Module */ = {
			isa = PBXGroup;
			children = (
				C6FF392F29AF84AE003610F5 /* BaseViewController.swift */,
				C6FF393129AF85A7003610F5 /* BaseViewModel.swift */,
			);
			path = Module;
			sourceTree = "<group>";
		};
		C6FF392E29AF8473003610F5 /* Network */ = {
			isa = PBXGroup;
			children = (
				C6FF393A29AF8C55003610F5 /* CommonService.swift */,
				C6FF394A29B11C35003610F5 /* NetworkService.swift */,
				C6FF394D29B1F54B003610F5 /* APIClient.swift */,
			);
			path = Network;
			sourceTree = "<group>";
		};
		C6FF393829AF89C1003610F5 /* Base */ = {
			isa = PBXGroup;
			children = (
				C6FF393F29AF9C64003610F5 /* Entities */,
				C6FF393929AF8C45003610F5 /* Interfaces */,
			);
			path = Base;
			sourceTree = "<group>";
		};
		C6FF393929AF8C45003610F5 /* Interfaces */ = {
			isa = PBXGroup;
			children = (
				C6FF393C29AF992C003610F5 /* Configurable.swift */,
			);
			path = Interfaces;
			sourceTree = "<group>";
		};
		C6FF393F29AF9C64003610F5 /* Entities */ = {
			isa = PBXGroup;
			children = (
				C6FF395429B2019D003610F5 /* App */,
				C6FF394029AF9C71003610F5 /* Network */,
			);
			path = Entities;
			sourceTree = "<group>";
		};
		C6FF394029AF9C71003610F5 /* Network */ = {
			isa = PBXGroup;
			children = (
				C6FF394329AFB09C003610F5 /* NetworkError.swift */,
				C6FF394129AF9C86003610F5 /* HTTPMethod.swift */,
			);
			path = Network;
			sourceTree = "<group>";
		};
		C6FF394C29B1E6BC003610F5 /* Common */ = {
			isa = PBXGroup;
			children = (
				C6FF392C29AF83F4003610F5 /* Core Layers */,
				C6FF393829AF89C1003610F5 /* Base */,
				C6FF394F29B1F96F003610F5 /* Extensions */,
			);
			path = Common;
			sourceTree = "<group>";
		};
		C6FF394F29B1F96F003610F5 /* Extensions */ = {
			isa = PBXGroup;
			children = (
				C6FF396B29B2376F003610F5 /* DataTypes */,
				C6FF395129B20080003610F5 /* AppDefaults */,
				C6FF395029B20079003610F5 /* Views */,
			);
			path = Extensions;
			sourceTree = "<group>";
		};
		C6FF395029B20079003610F5 /* Views */ = {
			isa = PBXGroup;
			children = (
			);
			path = Views;
			sourceTree = "<group>";
		};
		C6FF395129B20080003610F5 /* AppDefaults */ = {
			isa = PBXGroup;
			children = (
				C6FF395229B2009D003610F5 /* CommonService+Default.swift */,
			);
			path = AppDefaults;
			sourceTree = "<group>";
		};
		C6FF395429B2019D003610F5 /* App */ = {
			isa = PBXGroup;
			children = (
				C6FF395529B201B2003610F5 /* AppConstansts .swift */,
				C6FF395729B20399003610F5 /* EnviromentVars.swift */,
			);
			path = App;
			sourceTree = "<group>";
		};
		C6FF395929B2042B003610F5 /* Configs */ = {
			isa = PBXGroup;
			children = (
				C6FF395A29B20631003610F5 /* StageBlanball.xcconfig */,
				C6FF395B29B2068E003610F5 /* ProdBlanball.xcconfig */,
			);
			path = Configs;
			sourceTree = "<group>";
		};
		C6FF396B29B2376F003610F5 /* DataTypes */ = {
			isa = PBXGroup;
			children = (
				C6FF396C29B2377D003610F5 /* String+Extension.swift */,
			);
			path = DataTypes;
			sourceTree = "<group>";
		};
/* End PBXGroup section */

/* Begin PBXNativeTarget section */
		C6C7118F29ACDCBB00D58FE8 /* Blanball */ = {
			isa = PBXNativeTarget;
			buildConfigurationList = C6C711A429ACDCBD00D58FE8 /* Build configuration list for PBXNativeTarget "Blanball" */;
			buildPhases = (
				C6C7118C29ACDCBB00D58FE8 /* Sources */,
				C6C7118D29ACDCBB00D58FE8 /* Frameworks */,
				C6C7118E29ACDCBB00D58FE8 /* Resources */,
				C664C84529B374D600409DBD /* ShellScript */,
			);
			buildRules = (
			);
			dependencies = (
			);
			name = Blanball;
			packageProductDependencies = (
				C6FF393429AF886A003610F5 /* XCoordinator */,
				C6FF393629AF886A003610F5 /* XCoordinatorCombine */,
			);
			productName = Blanball;
			productReference = C6C7119029ACDCBB00D58FE8 /* Blanball.app */;
			productType = "com.apple.product-type.application";
		};
/* End PBXNativeTarget section */

/* Begin PBXProject section */
		C6C7118829ACDCBB00D58FE8 /* Project object */ = {
			isa = PBXProject;
			attributes = {
				BuildIndependentTargetsInParallel = 1;
				LastSwiftUpdateCheck = 1420;
				LastUpgradeCheck = 1420;
				TargetAttributes = {
					C6C7118F29ACDCBB00D58FE8 = {
						CreatedOnToolsVersion = 14.2;
					};
				};
			};
			buildConfigurationList = C6C7118B29ACDCBB00D58FE8 /* Build configuration list for PBXProject "Blanball" */;
			compatibilityVersion = "Xcode 14.0";
			developmentRegion = en;
			hasScannedForEncodings = 0;
			knownRegions = (
				en,
				Base,
				uk,
				ru,
			);
			mainGroup = C6C7118729ACDCBB00D58FE8;
			packageReferences = (
				C6FF393329AF886A003610F5 /* XCRemoteSwiftPackageReference "XCoordinator" */,
			);
			productRefGroup = C6C7119129ACDCBB00D58FE8 /* Products */;
			projectDirPath = "";
			projectRoot = "";
			targets = (
				C6C7118F29ACDCBB00D58FE8 /* Blanball */,
			);
		};
/* End PBXProject section */

/* Begin PBXResourcesBuildPhase section */
		C6C7118E29ACDCBB00D58FE8 /* Resources */ = {
			isa = PBXResourcesBuildPhase;
			buildActionMask = 2147483647;
			files = (
				C6C711A029ACDCBD00D58FE8 /* LaunchScreen.storyboard in Resources */,
				C6B8E82129ACECDC009AAD8F /* Localizable.strings in Resources */,
				C6C7119D29ACDCBD00D58FE8 /* Assets.xcassets in Resources */,
				C6C7119B29ACDCBB00D58FE8 /* Main.storyboard in Resources */,
				C6FF396629B20FA7003610F5 /* InfoStage.plist in Resources */,
				C6254A1329B376E000558130 /* swiftgen.yml in Resources */,
			);
			runOnlyForDeploymentPostprocessing = 0;
		};
/* End PBXResourcesBuildPhase section */

/* Begin PBXShellScriptBuildPhase section */
		C664C84529B374D600409DBD /* ShellScript */ = {
			isa = PBXShellScriptBuildPhase;
			buildActionMask = 2147483647;
			files = (
			);
			inputFileListPaths = (
			);
			inputPaths = (
			);
			outputFileListPaths = (
			);
			outputPaths = (
			);
			runOnlyForDeploymentPostprocessing = 0;
			shellPath = /bin/sh;
			shellScript = "${PROJECT_DIR}/SwiftGen/bin/swiftgen\n";
		};
/* End PBXShellScriptBuildPhase section */

/* Begin PBXSourcesBuildPhase section */
		C6C7118C29ACDCBB00D58FE8 /* Sources */ = {
			isa = PBXSourcesBuildPhase;
			buildActionMask = 2147483647;
			files = (
				C6FF393D29AF992C003610F5 /* Configurable.swift in Sources */,
				C6FF394429AFB09C003610F5 /* NetworkError.swift in Sources */,
				C6C7119829ACDCBB00D58FE8 /* ViewController.swift in Sources */,
				C6FF394E29B1F54B003610F5 /* APIClient.swift in Sources */,
				C6FF395829B20399003610F5 /* EnviromentVars.swift in Sources */,
				C6FF395629B201B2003610F5 /* AppConstansts .swift in Sources */,
				C6254A1C29B380A600558130 /* Strings+Generated.swift in Sources */,
				C6FF394229AF9C86003610F5 /* HTTPMethod.swift in Sources */,
				C6FF394B29B11C35003610F5 /* NetworkService.swift in Sources */,
				C6254A1B29B380A600558130 /* Assets+Generated.swift in Sources */,
				C6FF393229AF85A7003610F5 /* BaseViewModel.swift in Sources */,
				C6C7119429ACDCBB00D58FE8 /* AppDelegate.swift in Sources */,
				C6FF395329B2009D003610F5 /* CommonService+Default.swift in Sources */,
				C6FF393B29AF8C55003610F5 /* CommonService.swift in Sources */,
				C6FF396D29B2377D003610F5 /* String+Extension.swift in Sources */,
				C6FF393029AF84AE003610F5 /* BaseViewController.swift in Sources */,
			);
			runOnlyForDeploymentPostprocessing = 0;
		};
/* End PBXSourcesBuildPhase section */

/* Begin PBXVariantGroup section */
		C6B8E82329ACECDC009AAD8F /* Localizable.strings */ = {
			isa = PBXVariantGroup;
			children = (
				C6B8E82229ACECDC009AAD8F /* en */,
				C6B8E82429ACED08009AAD8F /* uk */,
				C6B8E82529ACED4C009AAD8F /* ru */,
			);
			name = Localizable.strings;
			sourceTree = "<group>";
		};
		C6C7119929ACDCBB00D58FE8 /* Main.storyboard */ = {
			isa = PBXVariantGroup;
			children = (
				C6C7119A29ACDCBB00D58FE8 /* Base */,
			);
			name = Main.storyboard;
			sourceTree = "<group>";
		};
		C6C7119E29ACDCBD00D58FE8 /* LaunchScreen.storyboard */ = {
			isa = PBXVariantGroup;
			children = (
				C6C7119F29ACDCBD00D58FE8 /* Base */,
			);
			name = LaunchScreen.storyboard;
			sourceTree = "<group>";
		};
/* End PBXVariantGroup section */

/* Begin XCBuildConfiguration section */
		C6C711A229ACDCBD00D58FE8 /* Debug */ = {
			isa = XCBuildConfiguration;
			baseConfigurationReference = C6FF395B29B2068E003610F5 /* ProdBlanball.xcconfig */;
			buildSettings = {
				ALWAYS_SEARCH_USER_PATHS = NO;
				CLANG_ANALYZER_LOCALIZABILITY_NONLOCALIZED = YES;
				CLANG_ANALYZER_NONNULL = YES;
				CLANG_ANALYZER_NUMBER_OBJECT_CONVERSION = YES_AGGRESSIVE;
				CLANG_CXX_LANGUAGE_STANDARD = "gnu++20";
				CLANG_ENABLE_MODULES = YES;
				CLANG_ENABLE_OBJC_ARC = YES;
				CLANG_ENABLE_OBJC_WEAK = YES;
				CLANG_WARN_BLOCK_CAPTURE_AUTORELEASING = YES;
				CLANG_WARN_BOOL_CONVERSION = YES;
				CLANG_WARN_COMMA = YES;
				CLANG_WARN_CONSTANT_CONVERSION = YES;
				CLANG_WARN_DEPRECATED_OBJC_IMPLEMENTATIONS = YES;
				CLANG_WARN_DIRECT_OBJC_ISA_USAGE = YES_ERROR;
				CLANG_WARN_DOCUMENTATION_COMMENTS = YES;
				CLANG_WARN_EMPTY_BODY = YES;
				CLANG_WARN_ENUM_CONVERSION = YES;
				CLANG_WARN_INFINITE_RECURSION = YES;
				CLANG_WARN_INT_CONVERSION = YES;
				CLANG_WARN_NON_LITERAL_NULL_CONVERSION = YES;
				CLANG_WARN_OBJC_IMPLICIT_RETAIN_SELF = YES;
				CLANG_WARN_OBJC_LITERAL_CONVERSION = YES;
				CLANG_WARN_OBJC_ROOT_CLASS = YES_ERROR;
				CLANG_WARN_QUOTED_INCLUDE_IN_FRAMEWORK_HEADER = YES;
				CLANG_WARN_RANGE_LOOP_ANALYSIS = YES;
				CLANG_WARN_STRICT_PROTOTYPES = YES;
				CLANG_WARN_SUSPICIOUS_MOVE = YES;
				CLANG_WARN_UNGUARDED_AVAILABILITY = YES_AGGRESSIVE;
				CLANG_WARN_UNREACHABLE_CODE = YES;
				CLANG_WARN__DUPLICATE_METHOD_MATCH = YES;
				COPY_PHASE_STRIP = NO;
				DEBUG_INFORMATION_FORMAT = dwarf;
				ENABLE_STRICT_OBJC_MSGSEND = YES;
				ENABLE_TESTABILITY = YES;
				GCC_C_LANGUAGE_STANDARD = gnu11;
				GCC_DYNAMIC_NO_PIC = NO;
				GCC_NO_COMMON_BLOCKS = YES;
				GCC_OPTIMIZATION_LEVEL = 0;
				GCC_PREPROCESSOR_DEFINITIONS = (
					"DEBUG=1",
					"$(inherited)",
				);
				GCC_WARN_64_TO_32_BIT_CONVERSION = YES;
				GCC_WARN_ABOUT_RETURN_TYPE = YES_ERROR;
				GCC_WARN_UNDECLARED_SELECTOR = YES;
				GCC_WARN_UNINITIALIZED_AUTOS = YES_AGGRESSIVE;
				GCC_WARN_UNUSED_FUNCTION = YES;
				GCC_WARN_UNUSED_VARIABLE = YES;
				IPHONEOS_DEPLOYMENT_TARGET = 13.0;
				MTL_ENABLE_DEBUG_INFO = INCLUDE_SOURCE;
				MTL_FAST_MATH = YES;
				ONLY_ACTIVE_ARCH = YES;
				SDKROOT = iphoneos;
				SWIFT_ACTIVE_COMPILATION_CONDITIONS = DEBUG;
				SWIFT_OPTIMIZATION_LEVEL = "-Onone";
			};
			name = Debug;
		};
		C6C711A329ACDCBD00D58FE8 /* Release */ = {
			isa = XCBuildConfiguration;
			baseConfigurationReference = C6FF395B29B2068E003610F5 /* ProdBlanball.xcconfig */;
			buildSettings = {
				ALWAYS_SEARCH_USER_PATHS = NO;
				CLANG_ANALYZER_LOCALIZABILITY_NONLOCALIZED = YES;
				CLANG_ANALYZER_NONNULL = YES;
				CLANG_ANALYZER_NUMBER_OBJECT_CONVERSION = YES_AGGRESSIVE;
				CLANG_CXX_LANGUAGE_STANDARD = "gnu++20";
				CLANG_ENABLE_MODULES = YES;
				CLANG_ENABLE_OBJC_ARC = YES;
				CLANG_ENABLE_OBJC_WEAK = YES;
				CLANG_WARN_BLOCK_CAPTURE_AUTORELEASING = YES;
				CLANG_WARN_BOOL_CONVERSION = YES;
				CLANG_WARN_COMMA = YES;
				CLANG_WARN_CONSTANT_CONVERSION = YES;
				CLANG_WARN_DEPRECATED_OBJC_IMPLEMENTATIONS = YES;
				CLANG_WARN_DIRECT_OBJC_ISA_USAGE = YES_ERROR;
				CLANG_WARN_DOCUMENTATION_COMMENTS = YES;
				CLANG_WARN_EMPTY_BODY = YES;
				CLANG_WARN_ENUM_CONVERSION = YES;
				CLANG_WARN_INFINITE_RECURSION = YES;
				CLANG_WARN_INT_CONVERSION = YES;
				CLANG_WARN_NON_LITERAL_NULL_CONVERSION = YES;
				CLANG_WARN_OBJC_IMPLICIT_RETAIN_SELF = YES;
				CLANG_WARN_OBJC_LITERAL_CONVERSION = YES;
				CLANG_WARN_OBJC_ROOT_CLASS = YES_ERROR;
				CLANG_WARN_QUOTED_INCLUDE_IN_FRAMEWORK_HEADER = YES;
				CLANG_WARN_RANGE_LOOP_ANALYSIS = YES;
				CLANG_WARN_STRICT_PROTOTYPES = YES;
				CLANG_WARN_SUSPICIOUS_MOVE = YES;
				CLANG_WARN_UNGUARDED_AVAILABILITY = YES_AGGRESSIVE;
				CLANG_WARN_UNREACHABLE_CODE = YES;
				CLANG_WARN__DUPLICATE_METHOD_MATCH = YES;
				COPY_PHASE_STRIP = NO;
				DEBUG_INFORMATION_FORMAT = "dwarf-with-dsym";
				ENABLE_NS_ASSERTIONS = NO;
				ENABLE_STRICT_OBJC_MSGSEND = YES;
				GCC_C_LANGUAGE_STANDARD = gnu11;
				GCC_NO_COMMON_BLOCKS = YES;
				GCC_WARN_64_TO_32_BIT_CONVERSION = YES;
				GCC_WARN_ABOUT_RETURN_TYPE = YES_ERROR;
				GCC_WARN_UNDECLARED_SELECTOR = YES;
				GCC_WARN_UNINITIALIZED_AUTOS = YES_AGGRESSIVE;
				GCC_WARN_UNUSED_FUNCTION = YES;
				GCC_WARN_UNUSED_VARIABLE = YES;
				IPHONEOS_DEPLOYMENT_TARGET = 13.0;
				MTL_ENABLE_DEBUG_INFO = NO;
				MTL_FAST_MATH = YES;
				SDKROOT = iphoneos;
				SWIFT_COMPILATION_MODE = wholemodule;
				SWIFT_OPTIMIZATION_LEVEL = "-O";
				VALIDATE_PRODUCT = YES;
			};
			name = Release;
		};
		C6C711A529ACDCBD00D58FE8 /* Debug */ = {
			isa = XCBuildConfiguration;
			buildSettings = {
				ASSETCATALOG_COMPILER_APPICON_NAME = AppIcon;
				ASSETCATALOG_COMPILER_GLOBAL_ACCENT_COLOR_NAME = AccentColor;
				CODE_SIGN_STYLE = Automatic;
				CURRENT_PROJECT_VERSION = 1;
				DEVELOPMENT_TEAM = Y9BL4HAG46;
				GENERATE_INFOPLIST_FILE = YES;
				INFOPLIST_FILE = Blanball/InfoProd.plist;
				INFOPLIST_KEY_CFBundleDisplayName = Blanball;
				INFOPLIST_KEY_UIApplicationSupportsIndirectInputEvents = YES;
				INFOPLIST_KEY_UILaunchStoryboardName = LaunchScreen;
				INFOPLIST_KEY_UIMainStoryboardFile = Main;
				INFOPLIST_KEY_UISupportedInterfaceOrientations_iPad = "UIInterfaceOrientationPortrait UIInterfaceOrientationPortraitUpsideDown UIInterfaceOrientationLandscapeLeft UIInterfaceOrientationLandscapeRight";
				INFOPLIST_KEY_UISupportedInterfaceOrientations_iPhone = "UIInterfaceOrientationPortrait UIInterfaceOrientationLandscapeLeft UIInterfaceOrientationLandscapeRight";
				IPHONEOS_DEPLOYMENT_TARGET = 13.0;
				LD_RUNPATH_SEARCH_PATHS = (
					"$(inherited)",
					"@executable_path/Frameworks",
				);
				MARKETING_VERSION = 1.0;
				PRODUCT_BUNDLE_IDENTIFIER = com.FlumX.Blanball;
				PRODUCT_NAME = "$(TARGET_NAME)";
				SUPPORTED_PLATFORMS = "iphoneos iphonesimulator";
				SUPPORTS_MACCATALYST = NO;
				SUPPORTS_MAC_DESIGNED_FOR_IPHONE_IPAD = NO;
				SWIFT_EMIT_LOC_STRINGS = YES;
				SWIFT_VERSION = 5.0;
				TARGETED_DEVICE_FAMILY = "1,2";
			};
			name = Debug;
		};
		C6C711A629ACDCBD00D58FE8 /* Release */ = {
			isa = XCBuildConfiguration;
			buildSettings = {
				ASSETCATALOG_COMPILER_APPICON_NAME = AppIcon;
				ASSETCATALOG_COMPILER_GLOBAL_ACCENT_COLOR_NAME = AccentColor;
				CODE_SIGN_STYLE = Automatic;
				CURRENT_PROJECT_VERSION = 1;
				DEVELOPMENT_TEAM = Y9BL4HAG46;
				GENERATE_INFOPLIST_FILE = YES;
				INFOPLIST_FILE = Blanball/InfoProd.plist;
				INFOPLIST_KEY_CFBundleDisplayName = Blanball;
				INFOPLIST_KEY_UIApplicationSupportsIndirectInputEvents = YES;
				INFOPLIST_KEY_UILaunchStoryboardName = LaunchScreen;
				INFOPLIST_KEY_UIMainStoryboardFile = Main;
				INFOPLIST_KEY_UISupportedInterfaceOrientations_iPad = "UIInterfaceOrientationPortrait UIInterfaceOrientationPortraitUpsideDown UIInterfaceOrientationLandscapeLeft UIInterfaceOrientationLandscapeRight";
				INFOPLIST_KEY_UISupportedInterfaceOrientations_iPhone = "UIInterfaceOrientationPortrait UIInterfaceOrientationLandscapeLeft UIInterfaceOrientationLandscapeRight";
				IPHONEOS_DEPLOYMENT_TARGET = 13.0;
				LD_RUNPATH_SEARCH_PATHS = (
					"$(inherited)",
					"@executable_path/Frameworks",
				);
				MARKETING_VERSION = 1.0;
				PRODUCT_BUNDLE_IDENTIFIER = com.FlumX.Blanball;
				PRODUCT_NAME = "$(TARGET_NAME)";
				SUPPORTED_PLATFORMS = "iphoneos iphonesimulator";
				SUPPORTS_MACCATALYST = NO;
				SUPPORTS_MAC_DESIGNED_FOR_IPHONE_IPAD = NO;
				SWIFT_EMIT_LOC_STRINGS = YES;
				SWIFT_VERSION = 5.0;
				TARGETED_DEVICE_FAMILY = "1,2";
			};
			name = Release;
		};
		C6FF395C29B20CE6003610F5 /* STAGE-Debug */ = {
			isa = XCBuildConfiguration;
			baseConfigurationReference = C6FF395A29B20631003610F5 /* StageBlanball.xcconfig */;
			buildSettings = {
				ALWAYS_SEARCH_USER_PATHS = NO;
				CLANG_ANALYZER_LOCALIZABILITY_NONLOCALIZED = YES;
				CLANG_ANALYZER_NONNULL = YES;
				CLANG_ANALYZER_NUMBER_OBJECT_CONVERSION = YES_AGGRESSIVE;
				CLANG_CXX_LANGUAGE_STANDARD = "gnu++20";
				CLANG_ENABLE_MODULES = YES;
				CLANG_ENABLE_OBJC_ARC = YES;
				CLANG_ENABLE_OBJC_WEAK = YES;
				CLANG_WARN_BLOCK_CAPTURE_AUTORELEASING = YES;
				CLANG_WARN_BOOL_CONVERSION = YES;
				CLANG_WARN_COMMA = YES;
				CLANG_WARN_CONSTANT_CONVERSION = YES;
				CLANG_WARN_DEPRECATED_OBJC_IMPLEMENTATIONS = YES;
				CLANG_WARN_DIRECT_OBJC_ISA_USAGE = YES_ERROR;
				CLANG_WARN_DOCUMENTATION_COMMENTS = YES;
				CLANG_WARN_EMPTY_BODY = YES;
				CLANG_WARN_ENUM_CONVERSION = YES;
				CLANG_WARN_INFINITE_RECURSION = YES;
				CLANG_WARN_INT_CONVERSION = YES;
				CLANG_WARN_NON_LITERAL_NULL_CONVERSION = YES;
				CLANG_WARN_OBJC_IMPLICIT_RETAIN_SELF = YES;
				CLANG_WARN_OBJC_LITERAL_CONVERSION = YES;
				CLANG_WARN_OBJC_ROOT_CLASS = YES_ERROR;
				CLANG_WARN_QUOTED_INCLUDE_IN_FRAMEWORK_HEADER = YES;
				CLANG_WARN_RANGE_LOOP_ANALYSIS = YES;
				CLANG_WARN_STRICT_PROTOTYPES = YES;
				CLANG_WARN_SUSPICIOUS_MOVE = YES;
				CLANG_WARN_UNGUARDED_AVAILABILITY = YES_AGGRESSIVE;
				CLANG_WARN_UNREACHABLE_CODE = YES;
				CLANG_WARN__DUPLICATE_METHOD_MATCH = YES;
				COPY_PHASE_STRIP = NO;
				DEBUG_INFORMATION_FORMAT = dwarf;
				ENABLE_STRICT_OBJC_MSGSEND = YES;
				ENABLE_TESTABILITY = YES;
				GCC_C_LANGUAGE_STANDARD = gnu11;
				GCC_DYNAMIC_NO_PIC = NO;
				GCC_NO_COMMON_BLOCKS = YES;
				GCC_OPTIMIZATION_LEVEL = 0;
				GCC_PREPROCESSOR_DEFINITIONS = (
					"DEBUG=1",
					"$(inherited)",
				);
				GCC_WARN_64_TO_32_BIT_CONVERSION = YES;
				GCC_WARN_ABOUT_RETURN_TYPE = YES_ERROR;
				GCC_WARN_UNDECLARED_SELECTOR = YES;
				GCC_WARN_UNINITIALIZED_AUTOS = YES_AGGRESSIVE;
				GCC_WARN_UNUSED_FUNCTION = YES;
				GCC_WARN_UNUSED_VARIABLE = YES;
				IPHONEOS_DEPLOYMENT_TARGET = 13.0;
				MTL_ENABLE_DEBUG_INFO = INCLUDE_SOURCE;
				MTL_FAST_MATH = YES;
				ONLY_ACTIVE_ARCH = YES;
				SDKROOT = iphoneos;
				SWIFT_ACTIVE_COMPILATION_CONDITIONS = DEBUG;
				SWIFT_OPTIMIZATION_LEVEL = "-Onone";
			};
			name = "STAGE-Debug";
		};
		C6FF395D29B20CE6003610F5 /* STAGE-Debug */ = {
			isa = XCBuildConfiguration;
			buildSettings = {
				ASSETCATALOG_COMPILER_APPICON_NAME = AppIcon;
				ASSETCATALOG_COMPILER_GLOBAL_ACCENT_COLOR_NAME = AccentColor;
				CODE_SIGN_STYLE = Automatic;
				CURRENT_PROJECT_VERSION = 1;
				DEVELOPMENT_TEAM = Y9BL4HAG46;
				GENERATE_INFOPLIST_FILE = YES;
				INFOPLIST_FILE = Blanball/InfoStage.plist;
				INFOPLIST_KEY_CFBundleDisplayName = Blanball;
				INFOPLIST_KEY_UIApplicationSupportsIndirectInputEvents = YES;
				INFOPLIST_KEY_UILaunchStoryboardName = LaunchScreen;
				INFOPLIST_KEY_UIMainStoryboardFile = Main;
				INFOPLIST_KEY_UISupportedInterfaceOrientations_iPad = "UIInterfaceOrientationPortrait UIInterfaceOrientationPortraitUpsideDown UIInterfaceOrientationLandscapeLeft UIInterfaceOrientationLandscapeRight";
				INFOPLIST_KEY_UISupportedInterfaceOrientations_iPhone = "UIInterfaceOrientationPortrait UIInterfaceOrientationLandscapeLeft UIInterfaceOrientationLandscapeRight";
				IPHONEOS_DEPLOYMENT_TARGET = 13.0;
				LD_RUNPATH_SEARCH_PATHS = (
					"$(inherited)",
					"@executable_path/Frameworks",
				);
				MARKETING_VERSION = 1.0;
				PRODUCT_BUNDLE_IDENTIFIER = com.FlumX.Blanball;
				PRODUCT_NAME = "$(TARGET_NAME)";
				SUPPORTED_PLATFORMS = "iphoneos iphonesimulator";
				SUPPORTS_MACCATALYST = NO;
				SUPPORTS_MAC_DESIGNED_FOR_IPHONE_IPAD = NO;
				SWIFT_EMIT_LOC_STRINGS = YES;
				SWIFT_VERSION = 5.0;
				TARGETED_DEVICE_FAMILY = "1,2";
			};
			name = "STAGE-Debug";
		};
		C6FF395E29B20D52003610F5 /* STAGE-Release */ = {
			isa = XCBuildConfiguration;
			baseConfigurationReference = C6FF395A29B20631003610F5 /* StageBlanball.xcconfig */;
			buildSettings = {
				ALWAYS_SEARCH_USER_PATHS = NO;
				CLANG_ANALYZER_LOCALIZABILITY_NONLOCALIZED = YES;
				CLANG_ANALYZER_NONNULL = YES;
				CLANG_ANALYZER_NUMBER_OBJECT_CONVERSION = YES_AGGRESSIVE;
				CLANG_CXX_LANGUAGE_STANDARD = "gnu++20";
				CLANG_ENABLE_MODULES = YES;
				CLANG_ENABLE_OBJC_ARC = YES;
				CLANG_ENABLE_OBJC_WEAK = YES;
				CLANG_WARN_BLOCK_CAPTURE_AUTORELEASING = YES;
				CLANG_WARN_BOOL_CONVERSION = YES;
				CLANG_WARN_COMMA = YES;
				CLANG_WARN_CONSTANT_CONVERSION = YES;
				CLANG_WARN_DEPRECATED_OBJC_IMPLEMENTATIONS = YES;
				CLANG_WARN_DIRECT_OBJC_ISA_USAGE = YES_ERROR;
				CLANG_WARN_DOCUMENTATION_COMMENTS = YES;
				CLANG_WARN_EMPTY_BODY = YES;
				CLANG_WARN_ENUM_CONVERSION = YES;
				CLANG_WARN_INFINITE_RECURSION = YES;
				CLANG_WARN_INT_CONVERSION = YES;
				CLANG_WARN_NON_LITERAL_NULL_CONVERSION = YES;
				CLANG_WARN_OBJC_IMPLICIT_RETAIN_SELF = YES;
				CLANG_WARN_OBJC_LITERAL_CONVERSION = YES;
				CLANG_WARN_OBJC_ROOT_CLASS = YES_ERROR;
				CLANG_WARN_QUOTED_INCLUDE_IN_FRAMEWORK_HEADER = YES;
				CLANG_WARN_RANGE_LOOP_ANALYSIS = YES;
				CLANG_WARN_STRICT_PROTOTYPES = YES;
				CLANG_WARN_SUSPICIOUS_MOVE = YES;
				CLANG_WARN_UNGUARDED_AVAILABILITY = YES_AGGRESSIVE;
				CLANG_WARN_UNREACHABLE_CODE = YES;
				CLANG_WARN__DUPLICATE_METHOD_MATCH = YES;
				COPY_PHASE_STRIP = NO;
				DEBUG_INFORMATION_FORMAT = dwarf;
				ENABLE_STRICT_OBJC_MSGSEND = YES;
				ENABLE_TESTABILITY = YES;
				GCC_C_LANGUAGE_STANDARD = gnu11;
				GCC_DYNAMIC_NO_PIC = NO;
				GCC_NO_COMMON_BLOCKS = YES;
				GCC_OPTIMIZATION_LEVEL = 0;
				GCC_PREPROCESSOR_DEFINITIONS = (
					"DEBUG=1",
					"$(inherited)",
				);
				GCC_WARN_64_TO_32_BIT_CONVERSION = YES;
				GCC_WARN_ABOUT_RETURN_TYPE = YES_ERROR;
				GCC_WARN_UNDECLARED_SELECTOR = YES;
				GCC_WARN_UNINITIALIZED_AUTOS = YES_AGGRESSIVE;
				GCC_WARN_UNUSED_FUNCTION = YES;
				GCC_WARN_UNUSED_VARIABLE = YES;
				IPHONEOS_DEPLOYMENT_TARGET = 13.0;
				MTL_ENABLE_DEBUG_INFO = INCLUDE_SOURCE;
				MTL_FAST_MATH = YES;
				ONLY_ACTIVE_ARCH = YES;
				SDKROOT = iphoneos;
				SWIFT_ACTIVE_COMPILATION_CONDITIONS = DEBUG;
				SWIFT_OPTIMIZATION_LEVEL = "-Onone";
			};
			name = "STAGE-Release";
		};
		C6FF395F29B20D52003610F5 /* STAGE-Release */ = {
			isa = XCBuildConfiguration;
			buildSettings = {
				ASSETCATALOG_COMPILER_APPICON_NAME = AppIcon;
				ASSETCATALOG_COMPILER_GLOBAL_ACCENT_COLOR_NAME = AccentColor;
				CODE_SIGN_STYLE = Automatic;
				CURRENT_PROJECT_VERSION = 1;
				DEVELOPMENT_TEAM = Y9BL4HAG46;
				GENERATE_INFOPLIST_FILE = YES;
				INFOPLIST_FILE = Blanball/InfoStage.plist;
				INFOPLIST_KEY_CFBundleDisplayName = Blanball;
				INFOPLIST_KEY_UIApplicationSupportsIndirectInputEvents = YES;
				INFOPLIST_KEY_UILaunchStoryboardName = LaunchScreen;
				INFOPLIST_KEY_UIMainStoryboardFile = Main;
				INFOPLIST_KEY_UISupportedInterfaceOrientations_iPad = "UIInterfaceOrientationPortrait UIInterfaceOrientationPortraitUpsideDown UIInterfaceOrientationLandscapeLeft UIInterfaceOrientationLandscapeRight";
				INFOPLIST_KEY_UISupportedInterfaceOrientations_iPhone = "UIInterfaceOrientationPortrait UIInterfaceOrientationLandscapeLeft UIInterfaceOrientationLandscapeRight";
				IPHONEOS_DEPLOYMENT_TARGET = 13.0;
				LD_RUNPATH_SEARCH_PATHS = (
					"$(inherited)",
					"@executable_path/Frameworks",
				);
				MARKETING_VERSION = 1.0;
				PRODUCT_BUNDLE_IDENTIFIER = com.FlumX.Blanball;
				PRODUCT_NAME = "$(TARGET_NAME)";
				SUPPORTED_PLATFORMS = "iphoneos iphonesimulator";
				SUPPORTS_MACCATALYST = NO;
				SUPPORTS_MAC_DESIGNED_FOR_IPHONE_IPAD = NO;
				SWIFT_EMIT_LOC_STRINGS = YES;
				SWIFT_VERSION = 5.0;
				TARGETED_DEVICE_FAMILY = "1,2";
			};
			name = "STAGE-Release";
		};
/* End XCBuildConfiguration section */

/* Begin XCConfigurationList section */
		C6C7118B29ACDCBB00D58FE8 /* Build configuration list for PBXProject "Blanball" */ = {
			isa = XCConfigurationList;
			buildConfigurations = (
				C6C711A229ACDCBD00D58FE8 /* Debug */,
				C6FF395C29B20CE6003610F5 /* STAGE-Debug */,
				C6FF395E29B20D52003610F5 /* STAGE-Release */,
				C6C711A329ACDCBD00D58FE8 /* Release */,
			);
			defaultConfigurationIsVisible = 0;
			defaultConfigurationName = Release;
		};
		C6C711A429ACDCBD00D58FE8 /* Build configuration list for PBXNativeTarget "Blanball" */ = {
			isa = XCConfigurationList;
			buildConfigurations = (
				C6C711A529ACDCBD00D58FE8 /* Debug */,
				C6FF395D29B20CE6003610F5 /* STAGE-Debug */,
				C6FF395F29B20D52003610F5 /* STAGE-Release */,
				C6C711A629ACDCBD00D58FE8 /* Release */,
			);
			defaultConfigurationIsVisible = 0;
			defaultConfigurationName = Release;
		};
/* End XCConfigurationList section */

/* Begin XCRemoteSwiftPackageReference section */
		C6FF393329AF886A003610F5 /* XCRemoteSwiftPackageReference "XCoordinator" */ = {
			isa = XCRemoteSwiftPackageReference;
			repositoryURL = "https://github.com/quickbirdstudios/XCoordinator.git";
			requirement = {
				kind = upToNextMajorVersion;
				minimumVersion = 2.0.0;
			};
		};
/* End XCRemoteSwiftPackageReference section */

/* Begin XCSwiftPackageProductDependency section */
		C6FF393429AF886A003610F5 /* XCoordinator */ = {
			isa = XCSwiftPackageProductDependency;
			package = C6FF393329AF886A003610F5 /* XCRemoteSwiftPackageReference "XCoordinator" */;
			productName = XCoordinator;
		};
		C6FF393629AF886A003610F5 /* XCoordinatorCombine */ = {
			isa = XCSwiftPackageProductDependency;
			package = C6FF393329AF886A003610F5 /* XCRemoteSwiftPackageReference "XCoordinator" */;
			productName = XCoordinatorCombine;
		};
/* End XCSwiftPackageProductDependency section */
	};
	rootObject = C6C7118829ACDCBB00D58FE8 /* Project object */;
}
